
Microsoft Visual Studio Solution File, Format Version 10.00
# Visual Studio 2008
Project("{2150E333-8FDC-42A3-9474-1A3956D46DE8}") = "UnitTests", "UnitTests", "{3F0CB8D4-144B-457F-9FBD-5DFBC62594E5}"
	ProjectSection(SolutionItems) = preProject
		UnitTests\BLToolkit.Linq.nunit = UnitTests\BLToolkit.Linq.nunit
		UnitTests\BLToolkit.nunit = UnitTests\BLToolkit.nunit
	EndProjectSection
EndProject
Project("{FAE04EC0-301F-11D3-BF4B-00C04F79EFBC}") = "BLToolkit.2", "Source\BLToolkit.2.csproj", "{3C37A408-3A01-4568-99D1-ADFEDDFFF2BC}"
EndProject
Project("{FAE04EC0-301F-11D3-BF4B-00C04F79EFBC}") = "UnitTests.Linq", "UnitTests\Linq\UnitTests.Linq.csproj", "{07997A18-86D3-47AC-A514-AB1B03E6AEC8}"
EndProject
Global
	GlobalSection(SolutionConfigurationPlatforms) = preSolution
		Debug|.NET = Debug|.NET
		Debug|Any CPU = Debug|Any CPU
		Debug|Mixed Platforms = Debug|Mixed Platforms
		Debug|Win32 = Debug|Win32
		Release|.NET = Release|.NET
		Release|Any CPU = Release|Any CPU
		Release|Mixed Platforms = Release|Mixed Platforms
		Release|Win32 = Release|Win32
	EndGlobalSection
	GlobalSection(ProjectConfigurationPlatforms) = postSolution
		{3C37A408-3A01-4568-99D1-ADFEDDFFF2BC}.Debug|.NET.ActiveCfg = Debug|Any CPU
		{3C37A408-3A01-4568-99D1-ADFEDDFFF2BC}.Debug|Any CPU.ActiveCfg = Debug|Any CPU
		{3C37A408-3A01-4568-99D1-ADFEDDFFF2BC}.Debug|Any CPU.Build.0 = Debug|Any CPU
		{3C37A408-3A01-4568-99D1-ADFEDDFFF2BC}.Debug|Mixed Platforms.ActiveCfg = Debug|Any CPU
		{3C37A408-3A01-4568-99D1-ADFEDDFFF2BC}.Debug|Mixed Platforms.Build.0 = Debug|Any CPU
		{3C37A408-3A01-4568-99D1-ADFEDDFFF2BC}.Debug|Win32.ActiveCfg = Debug|Any CPU
		{3C37A408-3A01-4568-99D1-ADFEDDFFF2BC}.Release|.NET.ActiveCfg = Release|Any CPU
		{3C37A408-3A01-4568-99D1-ADFEDDFFF2BC}.Release|Any CPU.ActiveCfg = Release|Any CPU
		{3C37A408-3A01-4568-99D1-ADFEDDFFF2BC}.Release|Any CPU.Build.0 = Release|Any CPU
		{3C37A408-3A01-4568-99D1-ADFEDDFFF2BC}.Release|Mixed Platforms.ActiveCfg = Release|Any CPU
		{3C37A408-3A01-4568-99D1-ADFEDDFFF2BC}.Release|Mixed Platforms.Build.0 = Release|Any CPU
		{3C37A408-3A01-4568-99D1-ADFEDDFFF2BC}.Release|Win32.ActiveCfg = Release|Any CPU
		{07997A18-86D3-47AC-A514-AB1B03E6AEC8}.Debug|.NET.ActiveCfg = Debug|Any CPU
		{07997A18-86D3-47AC-A514-AB1B03E6AEC8}.Debug|Any CPU.ActiveCfg = Debug|Any CPU
		{07997A18-86D3-47AC-A514-AB1B03E6AEC8}.Debug|Any CPU.Build.0 = Debug|Any CPU
		{07997A18-86D3-47AC-A514-AB1B03E6AEC8}.Debug|Mixed Platforms.ActiveCfg = Debug|Any CPU
		{07997A18-86D3-47AC-A514-AB1B03E6AEC8}.Debug|Mixed Platforms.Build.0 = Debug|Any CPU
		{07997A18-86D3-47AC-A514-AB1B03E6AEC8}.Debug|Win32.ActiveCfg = Debug|Any CPU
		{07997A18-86D3-47AC-A514-AB1B03E6AEC8}.Release|.NET.ActiveCfg = Release|Any CPU
		{07997A18-86D3-47AC-A514-AB1B03E6AEC8}.Release|Any CPU.ActiveCfg = Release|Any CPU
		{07997A18-86D3-47AC-A514-AB1B03E6AEC8}.Release|Any CPU.Build.0 = Release|Any CPU
		{07997A18-86D3-47AC-A514-AB1B03E6AEC8}.Release|Mixed Platforms.ActiveCfg = Release|Any CPU
		{07997A18-86D3-47AC-A514-AB1B03E6AEC8}.Release|Mixed Platforms.Build.0 = Release|Any CPU
		{07997A18-86D3-47AC-A514-AB1B03E6AEC8}.Release|Win32.ActiveCfg = Release|Any CPU
	EndGlobalSection
	GlobalSection(SolutionProperties) = preSolution
		HideSolutionNode = FALSE
	EndGlobalSection
	GlobalSection(TextTemplating) = postSolution
		TextTemplating = 1
	EndGlobalSection
EndGlobal
