
Microsoft Visual Studio Solution File, Format Version 10.00
# Visual Studio 2008
Project("{2150E333-8FDC-42A3-9474-1A3956D46DE8}") = "Tools", "Tools", "{92307E70-A839-4A76-9701-B5603B05BC08}"
	ProjectSection(FolderStartupServices) = postProject
		{B4F97281-0DBD-4835-9ED8-7DFB966E87FF} = {B4F97281-0DBD-4835-9ED8-7DFB966E87FF}
	EndProjectSection
EndProject
Project("{2150E333-8FDC-42A3-9474-1A3956D46DE8}") = "Demo", "Demo", "{F45E2E57-2D88-49DF-8C97-9D8EE7A0A4B1}"
	ProjectSection(FolderStartupServices) = postProject
		{B4F97281-0DBD-4835-9ED8-7DFB966E87FF} = {B4F97281-0DBD-4835-9ED8-7DFB966E87FF}
	EndProjectSection
EndProject
Project("{FAE04EC0-301F-11D3-BF4B-00C04F79EFBC}") = "BLToolkit.3", "Source\BLToolkit.3.csproj", "{0C325F5D-E50E-4340-8724-D29896CCC583}"
EndProject
Project("{FAE04EC0-301F-11D3-BF4B-00C04F79EFBC}") = "ExampleGenerator", "Tools\ExampleGenerator\ExampleGenerator.csproj", "{DE735B24-E20B-4440-BBBB-35AECC3F1124}"
EndProject
Project("{FAE04EC0-301F-11D3-BF4B-00C04F79EFBC}") = "BLTgen.2008", "Tools\BLTgen\BLTgen.2008.csproj", "{65FC918C-FF12-4C75-96F5-180B552989E5}"
EndProject
Project("{FAE04EC0-301F-11D3-BF4B-00C04F79EFBC}") = "Templates.2008", "Tools\Templates\Templates.2008.csproj", "{6E0C5565-F9A3-441C-9CB2-8B1878A800EF}"
EndProject
Project("{2150E333-8FDC-42A3-9474-1A3956D46DE8}") = "Linq", "Linq", "{4ABA64DA-8981-42F5-9144-DFD5350BEC2D}"
EndProject
Project("{2150E333-8FDC-42A3-9474-1A3956D46DE8}") = "DataProviders", "DataProviders", "{9F229425-A623-4066-9A92-84F31DD54FD2}"
EndProject
Project("{FAE04EC0-301F-11D3-BF4B-00C04F79EFBC}") = "BLToolkit.Data.DataProvider.DB2.3", "DataProviders\DB2\BLToolkit.Data.DataProvider.DB2.3.csproj", "{86BF4F10-3606-4016-9919-84C3335813B6}"
EndProject
Project("{FAE04EC0-301F-11D3-BF4B-00C04F79EFBC}") = "BLToolkit.Data.DataProvider.Firebird.3", "DataProviders\Firebird\BLToolkit.Data.DataProvider.Firebird.3.csproj", "{C1F8C201-BBD9-44F4-884C-CFF8CC960B68}"
EndProject
Project("{FAE04EC0-301F-11D3-BF4B-00C04F79EFBC}") = "BLToolkit.Data.DataProvider.Informix.3", "DataProviders\Informix\BLToolkit.Data.DataProvider.Informix.3.csproj", "{B1DEA25C-7667-471B-BBAD-64D017FDD104}"
EndProject
Project("{FAE04EC0-301F-11D3-BF4B-00C04F79EFBC}") = "BLToolkit.Data.DataProvider.MySql.3", "DataProviders\MySql\BLToolkit.Data.DataProvider.MySql.3.csproj", "{3578AF4C-CBFF-4A38-88F5-E86AC990AFBD}"
EndProject
Project("{FAE04EC0-301F-11D3-BF4B-00C04F79EFBC}") = "BLToolkit.Data.DataProvider.Oracle.3", "DataProviders\Oracle\BLToolkit.Data.DataProvider.Oracle.3.csproj", "{2B5287F2-A6AC-4D5A-B0A8-01C06144824D}"
EndProject
Project("{FAE04EC0-301F-11D3-BF4B-00C04F79EFBC}") = "BLToolkit.Data.DataProvider.PostgreSQL.3", "DataProviders\PostgreSQL\BLToolkit.Data.DataProvider.PostgreSQL.3.csproj", "{5A556D57-0D68-433B-AD78-02849583582B}"
EndProject
Project("{FAE04EC0-301F-11D3-BF4B-00C04F79EFBC}") = "BLToolkit.Data.DataProvider.SqlCe.3", "DataProviders\SqlCe\BLToolkit.Data.DataProvider.SqlCe.3.csproj", "{85E90F57-8DE1-4912-8414-28578F4D71CD}"
EndProject
Project("{FAE04EC0-301F-11D3-BF4B-00C04F79EFBC}") = "BLToolkit.Data.DataProvider.SQLite.3", "DataProviders\SQLite\BLToolkit.Data.DataProvider.SQLite.3.csproj", "{3E414663-B673-47A8-AB59-0E08FE43DA86}"
EndProject
Project("{FAE04EC0-301F-11D3-BF4B-00C04F79EFBC}") = "BLToolkit.Data.DataProvider.Sybase.3", "DataProviders\Sybase\BLToolkit.Data.DataProvider.Sybase.3.csproj", "{6CD8CC3D-643D-4D09-8660-A26085C44FBC}"
EndProject
Project("{FAE04EC0-301F-11D3-BF4B-00C04F79EFBC}") = "Linq.Demo.2008", "Demo\Linq\Demo\Linq.Demo.2008.csproj", "{57CE5505-44CB-42E4-A346-3471F68A5B60}"
EndProject
Global
	GlobalSection(SolutionConfigurationPlatforms) = preSolution
		Debug|.NET = Debug|.NET
		Debug|Any CPU = Debug|Any CPU
		Debug|Mixed Platforms = Debug|Mixed Platforms
		Debug|Win32 = Debug|Win32
		Release|.NET = Release|.NET
		Release|Any CPU = Release|Any CPU
		Release|Mixed Platforms = Release|Mixed Platforms
		Release|Win32 = Release|Win32
	EndGlobalSection
	GlobalSection(ProjectConfigurationPlatforms) = postSolution
		{0C325F5D-E50E-4340-8724-D29896CCC583}.Debug|.NET.ActiveCfg = Debug|Any CPU
		{0C325F5D-E50E-4340-8724-D29896CCC583}.Debug|Any CPU.ActiveCfg = Debug|Any CPU
		{0C325F5D-E50E-4340-8724-D29896CCC583}.Debug|Any CPU.Build.0 = Debug|Any CPU
		{0C325F5D-E50E-4340-8724-D29896CCC583}.Debug|Mixed Platforms.ActiveCfg = Debug|Any CPU
		{0C325F5D-E50E-4340-8724-D29896CCC583}.Debug|Mixed Platforms.Build.0 = Debug|Any CPU
		{0C325F5D-E50E-4340-8724-D29896CCC583}.Debug|Win32.ActiveCfg = Debug|Any CPU
		{0C325F5D-E50E-4340-8724-D29896CCC583}.Release|.NET.ActiveCfg = Release|Any CPU
		{0C325F5D-E50E-4340-8724-D29896CCC583}.Release|Any CPU.ActiveCfg = Release|Any CPU
		{0C325F5D-E50E-4340-8724-D29896CCC583}.Release|Any CPU.Build.0 = Release|Any CPU
		{0C325F5D-E50E-4340-8724-D29896CCC583}.Release|Mixed Platforms.ActiveCfg = Release|Any CPU
		{0C325F5D-E50E-4340-8724-D29896CCC583}.Release|Mixed Platforms.Build.0 = Release|Any CPU
		{0C325F5D-E50E-4340-8724-D29896CCC583}.Release|Win32.ActiveCfg = Release|Any CPU
		{DE735B24-E20B-4440-BBBB-35AECC3F1124}.Debug|.NET.ActiveCfg = Debug|Any CPU
		{DE735B24-E20B-4440-BBBB-35AECC3F1124}.Debug|Any CPU.ActiveCfg = Debug|Any CPU
		{DE735B24-E20B-4440-BBBB-35AECC3F1124}.Debug|Any CPU.Build.0 = Debug|Any CPU
		{DE735B24-E20B-4440-BBBB-35AECC3F1124}.Debug|Mixed Platforms.ActiveCfg = Debug|Any CPU
		{DE735B24-E20B-4440-BBBB-35AECC3F1124}.Debug|Mixed Platforms.Build.0 = Debug|Any CPU
		{DE735B24-E20B-4440-BBBB-35AECC3F1124}.Debug|Win32.ActiveCfg = Debug|Any CPU
		{DE735B24-E20B-4440-BBBB-35AECC3F1124}.Release|.NET.ActiveCfg = Release|Any CPU
		{DE735B24-E20B-4440-BBBB-35AECC3F1124}.Release|Any CPU.ActiveCfg = Release|Any CPU
		{DE735B24-E20B-4440-BBBB-35AECC3F1124}.Release|Any CPU.Build.0 = Release|Any CPU
		{DE735B24-E20B-4440-BBBB-35AECC3F1124}.Release|Mixed Platforms.ActiveCfg = Release|Any CPU
		{DE735B24-E20B-4440-BBBB-35AECC3F1124}.Release|Mixed Platforms.Build.0 = Release|Any CPU
		{DE735B24-E20B-4440-BBBB-35AECC3F1124}.Release|Win32.ActiveCfg = Release|Any CPU
		{65FC918C-FF12-4C75-96F5-180B552989E5}.Debug|.NET.ActiveCfg = Debug|Any CPU
		{65FC918C-FF12-4C75-96F5-180B552989E5}.Debug|Any CPU.ActiveCfg = Debug|Any CPU
		{65FC918C-FF12-4C75-96F5-180B552989E5}.Debug|Any CPU.Build.0 = Debug|Any CPU
		{65FC918C-FF12-4C75-96F5-180B552989E5}.Debug|Mixed Platforms.ActiveCfg = Debug|Any CPU
		{65FC918C-FF12-4C75-96F5-180B552989E5}.Debug|Mixed Platforms.Build.0 = Debug|Any CPU
		{65FC918C-FF12-4C75-96F5-180B552989E5}.Debug|Win32.ActiveCfg = Debug|Any CPU
		{65FC918C-FF12-4C75-96F5-180B552989E5}.Release|.NET.ActiveCfg = Release|Any CPU
		{65FC918C-FF12-4C75-96F5-180B552989E5}.Release|Any CPU.ActiveCfg = Release|Any CPU
		{65FC918C-FF12-4C75-96F5-180B552989E5}.Release|Any CPU.Build.0 = Release|Any CPU
		{65FC918C-FF12-4C75-96F5-180B552989E5}.Release|Mixed Platforms.ActiveCfg = Release|Any CPU
		{65FC918C-FF12-4C75-96F5-180B552989E5}.Release|Mixed Platforms.Build.0 = Release|Any CPU
		{65FC918C-FF12-4C75-96F5-180B552989E5}.Release|Win32.ActiveCfg = Release|Any CPU
		{6E0C5565-F9A3-441C-9CB2-8B1878A800EF}.Debug|.NET.ActiveCfg = Debug|Any CPU
		{6E0C5565-F9A3-441C-9CB2-8B1878A800EF}.Debug|Any CPU.ActiveCfg = Debug|Any CPU
		{6E0C5565-F9A3-441C-9CB2-8B1878A800EF}.Debug|Any CPU.Build.0 = Debug|Any CPU
		{6E0C5565-F9A3-441C-9CB2-8B1878A800EF}.Debug|Mixed Platforms.ActiveCfg = Debug|Any CPU
		{6E0C5565-F9A3-441C-9CB2-8B1878A800EF}.Debug|Mixed Platforms.Build.0 = Debug|Any CPU
		{6E0C5565-F9A3-441C-9CB2-8B1878A800EF}.Debug|Win32.ActiveCfg = Debug|Any CPU
		{6E0C5565-F9A3-441C-9CB2-8B1878A800EF}.Release|.NET.ActiveCfg = Release|Any CPU
		{6E0C5565-F9A3-441C-9CB2-8B1878A800EF}.Release|Any CPU.ActiveCfg = Release|Any CPU
		{6E0C5565-F9A3-441C-9CB2-8B1878A800EF}.Release|Any CPU.Build.0 = Release|Any CPU
		{6E0C5565-F9A3-441C-9CB2-8B1878A800EF}.Release|Mixed Platforms.ActiveCfg = Release|Any CPU
		{6E0C5565-F9A3-441C-9CB2-8B1878A800EF}.Release|Mixed Platforms.Build.0 = Release|Any CPU
		{6E0C5565-F9A3-441C-9CB2-8B1878A800EF}.Release|Win32.ActiveCfg = Release|Any CPU
		{86BF4F10-3606-4016-9919-84C3335813B6}.Debug|.NET.ActiveCfg = Debug|Any CPU
		{86BF4F10-3606-4016-9919-84C3335813B6}.Debug|Any CPU.ActiveCfg = Debug|Any CPU
		{86BF4F10-3606-4016-9919-84C3335813B6}.Debug|Any CPU.Build.0 = Debug|Any CPU
		{86BF4F10-3606-4016-9919-84C3335813B6}.Debug|Mixed Platforms.ActiveCfg = Debug|Any CPU
		{86BF4F10-3606-4016-9919-84C3335813B6}.Debug|Mixed Platforms.Build.0 = Debug|Any CPU
		{86BF4F10-3606-4016-9919-84C3335813B6}.Debug|Win32.ActiveCfg = Debug|Any CPU
		{86BF4F10-3606-4016-9919-84C3335813B6}.Release|.NET.ActiveCfg = Release|Any CPU
		{86BF4F10-3606-4016-9919-84C3335813B6}.Release|Any CPU.ActiveCfg = Release|Any CPU
		{86BF4F10-3606-4016-9919-84C3335813B6}.Release|Any CPU.Build.0 = Release|Any CPU
		{86BF4F10-3606-4016-9919-84C3335813B6}.Release|Mixed Platforms.ActiveCfg = Release|Any CPU
		{86BF4F10-3606-4016-9919-84C3335813B6}.Release|Mixed Platforms.Build.0 = Release|Any CPU
		{86BF4F10-3606-4016-9919-84C3335813B6}.Release|Win32.ActiveCfg = Release|Any CPU
		{C1F8C201-BBD9-44F4-884C-CFF8CC960B68}.Debug|.NET.ActiveCfg = Debug|Any CPU
		{C1F8C201-BBD9-44F4-884C-CFF8CC960B68}.Debug|Any CPU.ActiveCfg = Debug|Any CPU
		{C1F8C201-BBD9-44F4-884C-CFF8CC960B68}.Debug|Any CPU.Build.0 = Debug|Any CPU
		{C1F8C201-BBD9-44F4-884C-CFF8CC960B68}.Debug|Mixed Platforms.ActiveCfg = Debug|Any CPU
		{C1F8C201-BBD9-44F4-884C-CFF8CC960B68}.Debug|Mixed Platforms.Build.0 = Debug|Any CPU
		{C1F8C201-BBD9-44F4-884C-CFF8CC960B68}.Debug|Win32.ActiveCfg = Debug|Any CPU
		{C1F8C201-BBD9-44F4-884C-CFF8CC960B68}.Release|.NET.ActiveCfg = Release|Any CPU
		{C1F8C201-BBD9-44F4-884C-CFF8CC960B68}.Release|Any CPU.ActiveCfg = Release|Any CPU
		{C1F8C201-BBD9-44F4-884C-CFF8CC960B68}.Release|Any CPU.Build.0 = Release|Any CPU
		{C1F8C201-BBD9-44F4-884C-CFF8CC960B68}.Release|Mixed Platforms.ActiveCfg = Release|Any CPU
		{C1F8C201-BBD9-44F4-884C-CFF8CC960B68}.Release|Mixed Platforms.Build.0 = Release|Any CPU
		{C1F8C201-BBD9-44F4-884C-CFF8CC960B68}.Release|Win32.ActiveCfg = Release|Any CPU
		{B1DEA25C-7667-471B-BBAD-64D017FDD104}.Debug|.NET.ActiveCfg = Debug|Any CPU
		{B1DEA25C-7667-471B-BBAD-64D017FDD104}.Debug|Any CPU.ActiveCfg = Debug|Any CPU
		{B1DEA25C-7667-471B-BBAD-64D017FDD104}.Debug|Any CPU.Build.0 = Debug|Any CPU
		{B1DEA25C-7667-471B-BBAD-64D017FDD104}.Debug|Mixed Platforms.ActiveCfg = Debug|Any CPU
		{B1DEA25C-7667-471B-BBAD-64D017FDD104}.Debug|Mixed Platforms.Build.0 = Debug|Any CPU
		{B1DEA25C-7667-471B-BBAD-64D017FDD104}.Debug|Win32.ActiveCfg = Debug|Any CPU
		{B1DEA25C-7667-471B-BBAD-64D017FDD104}.Release|.NET.ActiveCfg = Release|Any CPU
		{B1DEA25C-7667-471B-BBAD-64D017FDD104}.Release|Any CPU.ActiveCfg = Release|Any CPU
		{B1DEA25C-7667-471B-BBAD-64D017FDD104}.Release|Any CPU.Build.0 = Release|Any CPU
		{B1DEA25C-7667-471B-BBAD-64D017FDD104}.Release|Mixed Platforms.ActiveCfg = Release|Any CPU
		{B1DEA25C-7667-471B-BBAD-64D017FDD104}.Release|Mixed Platforms.Build.0 = Release|Any CPU
		{B1DEA25C-7667-471B-BBAD-64D017FDD104}.Release|Win32.ActiveCfg = Release|Any CPU
		{3578AF4C-CBFF-4A38-88F5-E86AC990AFBD}.Debug|.NET.ActiveCfg = Debug|Any CPU
		{3578AF4C-CBFF-4A38-88F5-E86AC990AFBD}.Debug|Any CPU.ActiveCfg = Debug|Any CPU
		{3578AF4C-CBFF-4A38-88F5-E86AC990AFBD}.Debug|Any CPU.Build.0 = Debug|Any CPU
		{3578AF4C-CBFF-4A38-88F5-E86AC990AFBD}.Debug|Mixed Platforms.ActiveCfg = Debug|Any CPU
		{3578AF4C-CBFF-4A38-88F5-E86AC990AFBD}.Debug|Mixed Platforms.Build.0 = Debug|Any CPU
		{3578AF4C-CBFF-4A38-88F5-E86AC990AFBD}.Debug|Win32.ActiveCfg = Debug|Any CPU
		{3578AF4C-CBFF-4A38-88F5-E86AC990AFBD}.Release|.NET.ActiveCfg = Release|Any CPU
		{3578AF4C-CBFF-4A38-88F5-E86AC990AFBD}.Release|Any CPU.ActiveCfg = Release|Any CPU
		{3578AF4C-CBFF-4A38-88F5-E86AC990AFBD}.Release|Any CPU.Build.0 = Release|Any CPU
		{3578AF4C-CBFF-4A38-88F5-E86AC990AFBD}.Release|Mixed Platforms.ActiveCfg = Release|Any CPU
		{3578AF4C-CBFF-4A38-88F5-E86AC990AFBD}.Release|Mixed Platforms.Build.0 = Release|Any CPU
		{3578AF4C-CBFF-4A38-88F5-E86AC990AFBD}.Release|Win32.ActiveCfg = Release|Any CPU
		{2B5287F2-A6AC-4D5A-B0A8-01C06144824D}.Debug|.NET.ActiveCfg = Debug|Any CPU
		{2B5287F2-A6AC-4D5A-B0A8-01C06144824D}.Debug|Any CPU.ActiveCfg = Debug|Any CPU
		{2B5287F2-A6AC-4D5A-B0A8-01C06144824D}.Debug|Any CPU.Build.0 = Debug|Any CPU
		{2B5287F2-A6AC-4D5A-B0A8-01C06144824D}.Debug|Mixed Platforms.ActiveCfg = Debug|Any CPU
		{2B5287F2-A6AC-4D5A-B0A8-01C06144824D}.Debug|Mixed Platforms.Build.0 = Debug|Any CPU
		{2B5287F2-A6AC-4D5A-B0A8-01C06144824D}.Debug|Win32.ActiveCfg = Debug|Any CPU
		{2B5287F2-A6AC-4D5A-B0A8-01C06144824D}.Release|.NET.ActiveCfg = Release|Any CPU
		{2B5287F2-A6AC-4D5A-B0A8-01C06144824D}.Release|Any CPU.ActiveCfg = Release|Any CPU
		{2B5287F2-A6AC-4D5A-B0A8-01C06144824D}.Release|Any CPU.Build.0 = Release|Any CPU
		{2B5287F2-A6AC-4D5A-B0A8-01C06144824D}.Release|Mixed Platforms.ActiveCfg = Release|Any CPU
		{2B5287F2-A6AC-4D5A-B0A8-01C06144824D}.Release|Mixed Platforms.Build.0 = Release|Any CPU
		{2B5287F2-A6AC-4D5A-B0A8-01C06144824D}.Release|Win32.ActiveCfg = Release|Any CPU
		{5A556D57-0D68-433B-AD78-02849583582B}.Debug|.NET.ActiveCfg = Debug|Any CPU
		{5A556D57-0D68-433B-AD78-02849583582B}.Debug|Any CPU.ActiveCfg = Debug|Any CPU
		{5A556D57-0D68-433B-AD78-02849583582B}.Debug|Any CPU.Build.0 = Debug|Any CPU
		{5A556D57-0D68-433B-AD78-02849583582B}.Debug|Mixed Platforms.ActiveCfg = Debug|Any CPU
		{5A556D57-0D68-433B-AD78-02849583582B}.Debug|Mixed Platforms.Build.0 = Debug|Any CPU
		{5A556D57-0D68-433B-AD78-02849583582B}.Debug|Win32.ActiveCfg = Debug|Any CPU
		{5A556D57-0D68-433B-AD78-02849583582B}.Release|.NET.ActiveCfg = Release|Any CPU
		{5A556D57-0D68-433B-AD78-02849583582B}.Release|Any CPU.ActiveCfg = Release|Any CPU
		{5A556D57-0D68-433B-AD78-02849583582B}.Release|Any CPU.Build.0 = Release|Any CPU
		{5A556D57-0D68-433B-AD78-02849583582B}.Release|Mixed Platforms.ActiveCfg = Release|Any CPU
		{5A556D57-0D68-433B-AD78-02849583582B}.Release|Mixed Platforms.Build.0 = Release|Any CPU
		{5A556D57-0D68-433B-AD78-02849583582B}.Release|Win32.ActiveCfg = Release|Any CPU
		{85E90F57-8DE1-4912-8414-28578F4D71CD}.Debug|.NET.ActiveCfg = Debug|Any CPU
		{85E90F57-8DE1-4912-8414-28578F4D71CD}.Debug|Any CPU.ActiveCfg = Debug|Any CPU
		{85E90F57-8DE1-4912-8414-28578F4D71CD}.Debug|Any CPU.Build.0 = Debug|Any CPU
		{85E90F57-8DE1-4912-8414-28578F4D71CD}.Debug|Mixed Platforms.ActiveCfg = Debug|Any CPU
		{85E90F57-8DE1-4912-8414-28578F4D71CD}.Debug|Mixed Platforms.Build.0 = Debug|Any CPU
		{85E90F57-8DE1-4912-8414-28578F4D71CD}.Debug|Win32.ActiveCfg = Debug|Any CPU
		{85E90F57-8DE1-4912-8414-28578F4D71CD}.Release|.NET.ActiveCfg = Release|Any CPU
		{85E90F57-8DE1-4912-8414-28578F4D71CD}.Release|Any CPU.ActiveCfg = Release|Any CPU
		{85E90F57-8DE1-4912-8414-28578F4D71CD}.Release|Any CPU.Build.0 = Release|Any CPU
		{85E90F57-8DE1-4912-8414-28578F4D71CD}.Release|Mixed Platforms.ActiveCfg = Release|Any CPU
		{85E90F57-8DE1-4912-8414-28578F4D71CD}.Release|Mixed Platforms.Build.0 = Release|Any CPU
		{85E90F57-8DE1-4912-8414-28578F4D71CD}.Release|Win32.ActiveCfg = Release|Any CPU
		{3E414663-B673-47A8-AB59-0E08FE43DA86}.Debug|.NET.ActiveCfg = Debug|Any CPU
		{3E414663-B673-47A8-AB59-0E08FE43DA86}.Debug|Any CPU.ActiveCfg = Debug|Any CPU
		{3E414663-B673-47A8-AB59-0E08FE43DA86}.Debug|Any CPU.Build.0 = Debug|Any CPU
		{3E414663-B673-47A8-AB59-0E08FE43DA86}.Debug|Mixed Platforms.ActiveCfg = Debug|Any CPU
		{3E414663-B673-47A8-AB59-0E08FE43DA86}.Debug|Mixed Platforms.Build.0 = Debug|Any CPU
		{3E414663-B673-47A8-AB59-0E08FE43DA86}.Debug|Win32.ActiveCfg = Debug|Any CPU
		{3E414663-B673-47A8-AB59-0E08FE43DA86}.Release|.NET.ActiveCfg = Release|Any CPU
		{3E414663-B673-47A8-AB59-0E08FE43DA86}.Release|Any CPU.ActiveCfg = Release|Any CPU
		{3E414663-B673-47A8-AB59-0E08FE43DA86}.Release|Any CPU.Build.0 = Release|Any CPU
		{3E414663-B673-47A8-AB59-0E08FE43DA86}.Release|Mixed Platforms.ActiveCfg = Release|Any CPU
		{3E414663-B673-47A8-AB59-0E08FE43DA86}.Release|Mixed Platforms.Build.0 = Release|Any CPU
		{3E414663-B673-47A8-AB59-0E08FE43DA86}.Release|Win32.ActiveCfg = Release|Any CPU
		{6CD8CC3D-643D-4D09-8660-A26085C44FBC}.Debug|.NET.ActiveCfg = Debug|Any CPU
		{6CD8CC3D-643D-4D09-8660-A26085C44FBC}.Debug|Any CPU.ActiveCfg = Debug|Any CPU
		{6CD8CC3D-643D-4D09-8660-A26085C44FBC}.Debug|Any CPU.Build.0 = Debug|Any CPU
		{6CD8CC3D-643D-4D09-8660-A26085C44FBC}.Debug|Mixed Platforms.ActiveCfg = Debug|Any CPU
		{6CD8CC3D-643D-4D09-8660-A26085C44FBC}.Debug|Mixed Platforms.Build.0 = Debug|Any CPU
		{6CD8CC3D-643D-4D09-8660-A26085C44FBC}.Debug|Win32.ActiveCfg = Debug|Any CPU
		{6CD8CC3D-643D-4D09-8660-A26085C44FBC}.Release|.NET.ActiveCfg = Release|Any CPU
		{6CD8CC3D-643D-4D09-8660-A26085C44FBC}.Release|Any CPU.ActiveCfg = Release|Any CPU
		{6CD8CC3D-643D-4D09-8660-A26085C44FBC}.Release|Any CPU.Build.0 = Release|Any CPU
		{6CD8CC3D-643D-4D09-8660-A26085C44FBC}.Release|Mixed Platforms.ActiveCfg = Release|Any CPU
		{6CD8CC3D-643D-4D09-8660-A26085C44FBC}.Release|Mixed Platforms.Build.0 = Release|Any CPU
		{6CD8CC3D-643D-4D09-8660-A26085C44FBC}.Release|Win32.ActiveCfg = Release|Any CPU
		{57CE5505-44CB-42E4-A346-3471F68A5B60}.Debug|.NET.ActiveCfg = Debug|Any CPU
		{57CE5505-44CB-42E4-A346-3471F68A5B60}.Debug|Any CPU.ActiveCfg = Debug|Any CPU
		{57CE5505-44CB-42E4-A346-3471F68A5B60}.Debug|Any CPU.Build.0 = Debug|Any CPU
		{57CE5505-44CB-42E4-A346-3471F68A5B60}.Debug|Mixed Platforms.ActiveCfg = Debug|Any CPU
		{57CE5505-44CB-42E4-A346-3471F68A5B60}.Debug|Mixed Platforms.Build.0 = Debug|Any CPU
		{57CE5505-44CB-42E4-A346-3471F68A5B60}.Debug|Win32.ActiveCfg = Debug|Any CPU
		{57CE5505-44CB-42E4-A346-3471F68A5B60}.Release|.NET.ActiveCfg = Release|Any CPU
		{57CE5505-44CB-42E4-A346-3471F68A5B60}.Release|Any CPU.ActiveCfg = Release|Any CPU
		{57CE5505-44CB-42E4-A346-3471F68A5B60}.Release|Any CPU.Build.0 = Release|Any CPU
		{57CE5505-44CB-42E4-A346-3471F68A5B60}.Release|Mixed Platforms.ActiveCfg = Release|Any CPU
		{57CE5505-44CB-42E4-A346-3471F68A5B60}.Release|Mixed Platforms.Build.0 = Release|Any CPU
		{57CE5505-44CB-42E4-A346-3471F68A5B60}.Release|Win32.ActiveCfg = Release|Any CPU
	EndGlobalSection
	GlobalSection(SolutionProperties) = preSolution
		HideSolutionNode = FALSE
	EndGlobalSection
	GlobalSection(NestedProjects) = preSolution
		{DE735B24-E20B-4440-BBBB-35AECC3F1124} = {92307E70-A839-4A76-9701-B5603B05BC08}
		{65FC918C-FF12-4C75-96F5-180B552989E5} = {92307E70-A839-4A76-9701-B5603B05BC08}
		{6E0C5565-F9A3-441C-9CB2-8B1878A800EF} = {92307E70-A839-4A76-9701-B5603B05BC08}
		{4ABA64DA-8981-42F5-9144-DFD5350BEC2D} = {F45E2E57-2D88-49DF-8C97-9D8EE7A0A4B1}
		{57CE5505-44CB-42E4-A346-3471F68A5B60} = {4ABA64DA-8981-42F5-9144-DFD5350BEC2D}
		{86BF4F10-3606-4016-9919-84C3335813B6} = {9F229425-A623-4066-9A92-84F31DD54FD2}
		{C1F8C201-BBD9-44F4-884C-CFF8CC960B68} = {9F229425-A623-4066-9A92-84F31DD54FD2}
		{B1DEA25C-7667-471B-BBAD-64D017FDD104} = {9F229425-A623-4066-9A92-84F31DD54FD2}
		{3578AF4C-CBFF-4A38-88F5-E86AC990AFBD} = {9F229425-A623-4066-9A92-84F31DD54FD2}
		{2B5287F2-A6AC-4D5A-B0A8-01C06144824D} = {9F229425-A623-4066-9A92-84F31DD54FD2}
		{5A556D57-0D68-433B-AD78-02849583582B} = {9F229425-A623-4066-9A92-84F31DD54FD2}
		{85E90F57-8DE1-4912-8414-28578F4D71CD} = {9F229425-A623-4066-9A92-84F31DD54FD2}
		{3E414663-B673-47A8-AB59-0E08FE43DA86} = {9F229425-A623-4066-9A92-84F31DD54FD2}
		{6CD8CC3D-643D-4D09-8660-A26085C44FBC} = {9F229425-A623-4066-9A92-84F31DD54FD2}
	EndGlobalSection
	GlobalSection(TextTemplating) = postSolution
		TextTemplating = 1
	EndGlobalSection
EndGlobal
