
Microsoft Visual Studio Solution File, Format Version 11.00
# Visual Studio 2010
Project("{FAE04EC0-301F-11D3-BF4B-00C04F79EFBC}") = "BLToolkit.4", "Source\BLToolkit.4.csproj", "{0C325F5D-E50E-4340-8724-D29896CCC583}"
EndProject
Project("{2150E333-8FDC-42A3-9474-1A3956D46DE8}") = "UnitTests", "UnitTests", "{2CC0A340-512C-4F0D-A5E6-87C042EE13B9}"
EndProject
Project("{FAE04EC0-301F-11D3-BF4B-00C04F79EFBC}") = "UnitTests.Linq.2010.Interface", "UnitTests\Linq\UnitTests.Linq.2010.Interface.csproj", "{D527524F-EC92-465E-9CAE-86278121675A}"
EndProject
Project("{F184B08F-C81C-45F6-A57F-5ABD9991F28F}") = "UnitTests.Linq.2010.VisualBasic", "UnitTests\Linq\UnitTests.Linq.2010.VisualBasic.vbproj", "{D11617AB-9F88-4C74-8ABD-F8580DB4B01B}"
EndProject
Project("{FAE04EC0-301F-11D3-BF4B-00C04F79EFBC}") = "UnitTests.Linq.2010", "UnitTests\Linq\UnitTests.Linq.2010.csproj", "{07997A18-86D3-47AC-A514-AB1B03E6AEC8}"
EndProject
Project("{2150E333-8FDC-42A3-9474-1A3956D46DE8}") = "Tools", "Tools", "{C0306556-68F4-4DD5-95F2-AAFEE8FACDFA}"
EndProject
Project("{FAE04EC0-301F-11D3-BF4B-00C04F79EFBC}") = "Templates.2010", "Tools\Templates\Templates.2010.csproj", "{6E0C5565-F9A3-441C-9CB2-8B1878A800EF}"
EndProject
Project("{2150E333-8FDC-42A3-9474-1A3956D46DE8}") = "DataProviders", "DataProviders", "{E6CE0ECB-3373-4DC0-98CB-F4E9DC2293C4}"
EndProject
Project("{FAE04EC0-301F-11D3-BF4B-00C04F79EFBC}") = "BLToolkit.Data.DataProvider.DB2.4", "DataProviders\BLToolkit.Data.DataProvider.DB2.4.csproj", "{86BF4F10-3606-4016-9919-84C3335813B6}"
EndProject
Project("{FAE04EC0-301F-11D3-BF4B-00C04F79EFBC}") = "BLToolkit.Data.DataProvider.Firebird.4", "DataProviders\BLToolkit.Data.DataProvider.Firebird.4.csproj", "{C1F8C201-BBD9-44F4-884C-CFF8CC960B68}"
EndProject
Project("{FAE04EC0-301F-11D3-BF4B-00C04F79EFBC}") = "BLToolkit.Data.DataProvider.Informix.4", "DataProviders\BLToolkit.Data.DataProvider.Informix.4.csproj", "{B1DEA25C-7667-471B-BBAD-64D017FDD104}"
EndProject
Project("{FAE04EC0-301F-11D3-BF4B-00C04F79EFBC}") = "BLToolkit.Data.DataProvider.MySql.4", "DataProviders\BLToolkit.Data.DataProvider.MySql.4.csproj", "{3578AF4C-CBFF-4A38-88F5-E86AC990AFBD}"
EndProject
Project("{FAE04EC0-301F-11D3-BF4B-00C04F79EFBC}") = "BLToolkit.Data.DataProvider.Oracle.4", "DataProviders\BLToolkit.Data.DataProvider.Oracle.4.csproj", "{2B5287F2-A6AC-4D5A-B0A8-01C06144824D}"
EndProject
Project("{FAE04EC0-301F-11D3-BF4B-00C04F79EFBC}") = "BLToolkit.Data.DataProvider.PostgreSQL.4", "DataProviders\BLToolkit.Data.DataProvider.PostgreSQL.4.csproj", "{5A556D57-0D68-433B-AD78-02849583582B}"
EndProject
Project("{FAE04EC0-301F-11D3-BF4B-00C04F79EFBC}") = "BLToolkit.Data.DataProvider.SqlCe.4", "DataProviders\BLToolkit.Data.DataProvider.SqlCe.4.csproj", "{85E90F57-8DE1-4912-8414-28578F4D71CD}"
EndProject
Project("{FAE04EC0-301F-11D3-BF4B-00C04F79EFBC}") = "BLToolkit.Data.DataProvider.SQLite.4", "DataProviders\BLToolkit.Data.DataProvider.SQLite.4.csproj", "{3E414663-B673-47A8-AB59-0E08FE43DA86}"
EndProject
Project("{FAE04EC0-301F-11D3-BF4B-00C04F79EFBC}") = "BLToolkit.Data.DataProvider.Sybase.4", "DataProviders\BLToolkit.Data.DataProvider.Sybase.4.csproj", "{6CD8CC3D-643D-4D09-8660-A26085C44FBC}"
EndProject
Global
	GlobalSection(SolutionConfigurationPlatforms) = preSolution
		Debug|Any CPU = Debug|Any CPU
		Debug|Mixed Platforms = Debug|Mixed Platforms
		Debug|x86 = Debug|x86
		Release|Any CPU = Release|Any CPU
		Release|Mixed Platforms = Release|Mixed Platforms
		Release|x86 = Release|x86
	EndGlobalSection
	GlobalSection(ProjectConfigurationPlatforms) = postSolution
		{0C325F5D-E50E-4340-8724-D29896CCC583}.Debug|Any CPU.ActiveCfg = Debug|Any CPU
		{0C325F5D-E50E-4340-8724-D29896CCC583}.Debug|Any CPU.Build.0 = Debug|Any CPU
		{0C325F5D-E50E-4340-8724-D29896CCC583}.Debug|Mixed Platforms.ActiveCfg = Debug|Any CPU
		{0C325F5D-E50E-4340-8724-D29896CCC583}.Debug|Mixed Platforms.Build.0 = Debug|Any CPU
		{0C325F5D-E50E-4340-8724-D29896CCC583}.Debug|x86.ActiveCfg = Debug|Any CPU
		{0C325F5D-E50E-4340-8724-D29896CCC583}.Release|Any CPU.ActiveCfg = Release|Any CPU
		{0C325F5D-E50E-4340-8724-D29896CCC583}.Release|Any CPU.Build.0 = Release|Any CPU
		{0C325F5D-E50E-4340-8724-D29896CCC583}.Release|Mixed Platforms.ActiveCfg = Release|Any CPU
		{0C325F5D-E50E-4340-8724-D29896CCC583}.Release|Mixed Platforms.Build.0 = Release|Any CPU
		{0C325F5D-E50E-4340-8724-D29896CCC583}.Release|x86.ActiveCfg = Release|Any CPU
		{D527524F-EC92-465E-9CAE-86278121675A}.Debug|Any CPU.ActiveCfg = Debug|Any CPU
		{D527524F-EC92-465E-9CAE-86278121675A}.Debug|Any CPU.Build.0 = Debug|Any CPU
		{D527524F-EC92-465E-9CAE-86278121675A}.Debug|Mixed Platforms.ActiveCfg = Debug|Any CPU
		{D527524F-EC92-465E-9CAE-86278121675A}.Debug|Mixed Platforms.Build.0 = Debug|Any CPU
		{D527524F-EC92-465E-9CAE-86278121675A}.Debug|x86.ActiveCfg = Debug|Any CPU
		{D527524F-EC92-465E-9CAE-86278121675A}.Release|Any CPU.ActiveCfg = Release|Any CPU
		{D527524F-EC92-465E-9CAE-86278121675A}.Release|Any CPU.Build.0 = Release|Any CPU
		{D527524F-EC92-465E-9CAE-86278121675A}.Release|Mixed Platforms.ActiveCfg = Release|Any CPU
		{D527524F-EC92-465E-9CAE-86278121675A}.Release|Mixed Platforms.Build.0 = Release|Any CPU
		{D527524F-EC92-465E-9CAE-86278121675A}.Release|x86.ActiveCfg = Release|Any CPU
		{D11617AB-9F88-4C74-8ABD-F8580DB4B01B}.Debug|Any CPU.ActiveCfg = Debug|Any CPU
		{D11617AB-9F88-4C74-8ABD-F8580DB4B01B}.Debug|Any CPU.Build.0 = Debug|Any CPU
		{D11617AB-9F88-4C74-8ABD-F8580DB4B01B}.Debug|Mixed Platforms.ActiveCfg = Debug|Any CPU
		{D11617AB-9F88-4C74-8ABD-F8580DB4B01B}.Debug|Mixed Platforms.Build.0 = Debug|Any CPU
		{D11617AB-9F88-4C74-8ABD-F8580DB4B01B}.Debug|x86.ActiveCfg = Debug|Any CPU
		{D11617AB-9F88-4C74-8ABD-F8580DB4B01B}.Release|Any CPU.ActiveCfg = Release|Any CPU
		{D11617AB-9F88-4C74-8ABD-F8580DB4B01B}.Release|Any CPU.Build.0 = Release|Any CPU
		{D11617AB-9F88-4C74-8ABD-F8580DB4B01B}.Release|Mixed Platforms.ActiveCfg = Release|Any CPU
		{D11617AB-9F88-4C74-8ABD-F8580DB4B01B}.Release|Mixed Platforms.Build.0 = Release|Any CPU
		{D11617AB-9F88-4C74-8ABD-F8580DB4B01B}.Release|x86.ActiveCfg = Release|Any CPU
		{07997A18-86D3-47AC-A514-AB1B03E6AEC8}.Debug|Any CPU.ActiveCfg = Debug|Any CPU
		{07997A18-86D3-47AC-A514-AB1B03E6AEC8}.Debug|Any CPU.Build.0 = Debug|Any CPU
		{07997A18-86D3-47AC-A514-AB1B03E6AEC8}.Debug|Mixed Platforms.ActiveCfg = Debug|Any CPU
		{07997A18-86D3-47AC-A514-AB1B03E6AEC8}.Debug|Mixed Platforms.Build.0 = Debug|Any CPU
		{07997A18-86D3-47AC-A514-AB1B03E6AEC8}.Debug|x86.ActiveCfg = Debug|Any CPU
		{07997A18-86D3-47AC-A514-AB1B03E6AEC8}.Release|Any CPU.ActiveCfg = Release|Any CPU
		{07997A18-86D3-47AC-A514-AB1B03E6AEC8}.Release|Any CPU.Build.0 = Release|Any CPU
		{07997A18-86D3-47AC-A514-AB1B03E6AEC8}.Release|Mixed Platforms.ActiveCfg = Release|Any CPU
		{07997A18-86D3-47AC-A514-AB1B03E6AEC8}.Release|Mixed Platforms.Build.0 = Release|Any CPU
		{07997A18-86D3-47AC-A514-AB1B03E6AEC8}.Release|x86.ActiveCfg = Release|Any CPU
		{6E0C5565-F9A3-441C-9CB2-8B1878A800EF}.Debug|Any CPU.ActiveCfg = Debug|Any CPU
		{6E0C5565-F9A3-441C-9CB2-8B1878A800EF}.Debug|Any CPU.Build.0 = Debug|Any CPU
		{6E0C5565-F9A3-441C-9CB2-8B1878A800EF}.Debug|Mixed Platforms.ActiveCfg = Debug|Any CPU
		{6E0C5565-F9A3-441C-9CB2-8B1878A800EF}.Debug|Mixed Platforms.Build.0 = Debug|Any CPU
		{6E0C5565-F9A3-441C-9CB2-8B1878A800EF}.Debug|x86.ActiveCfg = Debug|Any CPU
		{6E0C5565-F9A3-441C-9CB2-8B1878A800EF}.Release|Any CPU.ActiveCfg = Release|Any CPU
		{6E0C5565-F9A3-441C-9CB2-8B1878A800EF}.Release|Any CPU.Build.0 = Release|Any CPU
		{6E0C5565-F9A3-441C-9CB2-8B1878A800EF}.Release|Mixed Platforms.ActiveCfg = Release|Any CPU
		{6E0C5565-F9A3-441C-9CB2-8B1878A800EF}.Release|Mixed Platforms.Build.0 = Release|Any CPU
		{6E0C5565-F9A3-441C-9CB2-8B1878A800EF}.Release|x86.ActiveCfg = Release|Any CPU
		{86BF4F10-3606-4016-9919-84C3335813B6}.Debug|Any CPU.ActiveCfg = Debug|Any CPU
		{86BF4F10-3606-4016-9919-84C3335813B6}.Debug|Any CPU.Build.0 = Debug|Any CPU
		{86BF4F10-3606-4016-9919-84C3335813B6}.Debug|Mixed Platforms.ActiveCfg = Debug|Any CPU
		{86BF4F10-3606-4016-9919-84C3335813B6}.Debug|Mixed Platforms.Build.0 = Debug|Any CPU
		{86BF4F10-3606-4016-9919-84C3335813B6}.Debug|x86.ActiveCfg = Debug|Any CPU
		{86BF4F10-3606-4016-9919-84C3335813B6}.Release|Any CPU.ActiveCfg = Release|Any CPU
		{86BF4F10-3606-4016-9919-84C3335813B6}.Release|Any CPU.Build.0 = Release|Any CPU
		{86BF4F10-3606-4016-9919-84C3335813B6}.Release|Mixed Platforms.ActiveCfg = Release|Any CPU
		{86BF4F10-3606-4016-9919-84C3335813B6}.Release|Mixed Platforms.Build.0 = Release|Any CPU
		{86BF4F10-3606-4016-9919-84C3335813B6}.Release|x86.ActiveCfg = Release|Any CPU
		{C1F8C201-BBD9-44F4-884C-CFF8CC960B68}.Debug|Any CPU.ActiveCfg = Debug|Any CPU
		{C1F8C201-BBD9-44F4-884C-CFF8CC960B68}.Debug|Any CPU.Build.0 = Debug|Any CPU
		{C1F8C201-BBD9-44F4-884C-CFF8CC960B68}.Debug|Mixed Platforms.ActiveCfg = Debug|Any CPU
		{C1F8C201-BBD9-44F4-884C-CFF8CC960B68}.Debug|Mixed Platforms.Build.0 = Debug|Any CPU
		{C1F8C201-BBD9-44F4-884C-CFF8CC960B68}.Debug|x86.ActiveCfg = Debug|Any CPU
		{C1F8C201-BBD9-44F4-884C-CFF8CC960B68}.Release|Any CPU.ActiveCfg = Release|Any CPU
		{C1F8C201-BBD9-44F4-884C-CFF8CC960B68}.Release|Any CPU.Build.0 = Release|Any CPU
		{C1F8C201-BBD9-44F4-884C-CFF8CC960B68}.Release|Mixed Platforms.ActiveCfg = Release|Any CPU
		{C1F8C201-BBD9-44F4-884C-CFF8CC960B68}.Release|Mixed Platforms.Build.0 = Release|Any CPU
		{C1F8C201-BBD9-44F4-884C-CFF8CC960B68}.Release|x86.ActiveCfg = Release|Any CPU
		{B1DEA25C-7667-471B-BBAD-64D017FDD104}.Debug|Any CPU.ActiveCfg = Debug|Any CPU
		{B1DEA25C-7667-471B-BBAD-64D017FDD104}.Debug|Any CPU.Build.0 = Debug|Any CPU
		{B1DEA25C-7667-471B-BBAD-64D017FDD104}.Debug|Mixed Platforms.ActiveCfg = Debug|Any CPU
		{B1DEA25C-7667-471B-BBAD-64D017FDD104}.Debug|Mixed Platforms.Build.0 = Debug|Any CPU
		{B1DEA25C-7667-471B-BBAD-64D017FDD104}.Debug|x86.ActiveCfg = Debug|Any CPU
		{B1DEA25C-7667-471B-BBAD-64D017FDD104}.Release|Any CPU.ActiveCfg = Release|Any CPU
		{B1DEA25C-7667-471B-BBAD-64D017FDD104}.Release|Any CPU.Build.0 = Release|Any CPU
		{B1DEA25C-7667-471B-BBAD-64D017FDD104}.Release|Mixed Platforms.ActiveCfg = Release|Any CPU
		{B1DEA25C-7667-471B-BBAD-64D017FDD104}.Release|Mixed Platforms.Build.0 = Release|Any CPU
		{B1DEA25C-7667-471B-BBAD-64D017FDD104}.Release|x86.ActiveCfg = Release|Any CPU
		{3578AF4C-CBFF-4A38-88F5-E86AC990AFBD}.Debug|Any CPU.ActiveCfg = Debug|Any CPU
		{3578AF4C-CBFF-4A38-88F5-E86AC990AFBD}.Debug|Any CPU.Build.0 = Debug|Any CPU
		{3578AF4C-CBFF-4A38-88F5-E86AC990AFBD}.Debug|Mixed Platforms.ActiveCfg = Debug|Any CPU
		{3578AF4C-CBFF-4A38-88F5-E86AC990AFBD}.Debug|Mixed Platforms.Build.0 = Debug|Any CPU
		{3578AF4C-CBFF-4A38-88F5-E86AC990AFBD}.Debug|x86.ActiveCfg = Debug|Any CPU
		{3578AF4C-CBFF-4A38-88F5-E86AC990AFBD}.Release|Any CPU.ActiveCfg = Release|Any CPU
		{3578AF4C-CBFF-4A38-88F5-E86AC990AFBD}.Release|Any CPU.Build.0 = Release|Any CPU
		{3578AF4C-CBFF-4A38-88F5-E86AC990AFBD}.Release|Mixed Platforms.ActiveCfg = Release|Any CPU
		{3578AF4C-CBFF-4A38-88F5-E86AC990AFBD}.Release|Mixed Platforms.Build.0 = Release|Any CPU
		{3578AF4C-CBFF-4A38-88F5-E86AC990AFBD}.Release|x86.ActiveCfg = Release|Any CPU
		{2B5287F2-A6AC-4D5A-B0A8-01C06144824D}.Debug|Any CPU.ActiveCfg = Debug|Any CPU
		{2B5287F2-A6AC-4D5A-B0A8-01C06144824D}.Debug|Any CPU.Build.0 = Debug|Any CPU
		{2B5287F2-A6AC-4D5A-B0A8-01C06144824D}.Debug|Mixed Platforms.ActiveCfg = Debug|Any CPU
		{2B5287F2-A6AC-4D5A-B0A8-01C06144824D}.Debug|Mixed Platforms.Build.0 = Debug|Any CPU
		{2B5287F2-A6AC-4D5A-B0A8-01C06144824D}.Debug|x86.ActiveCfg = Debug|Any CPU
		{2B5287F2-A6AC-4D5A-B0A8-01C06144824D}.Release|Any CPU.ActiveCfg = Release|Any CPU
		{2B5287F2-A6AC-4D5A-B0A8-01C06144824D}.Release|Any CPU.Build.0 = Release|Any CPU
		{2B5287F2-A6AC-4D5A-B0A8-01C06144824D}.Release|Mixed Platforms.ActiveCfg = Release|Any CPU
		{2B5287F2-A6AC-4D5A-B0A8-01C06144824D}.Release|Mixed Platforms.Build.0 = Release|Any CPU
		{2B5287F2-A6AC-4D5A-B0A8-01C06144824D}.Release|x86.ActiveCfg = Release|Any CPU
		{5A556D57-0D68-433B-AD78-02849583582B}.Debug|Any CPU.ActiveCfg = Debug|Any CPU
		{5A556D57-0D68-433B-AD78-02849583582B}.Debug|Any CPU.Build.0 = Debug|Any CPU
		{5A556D57-0D68-433B-AD78-02849583582B}.Debug|Mixed Platforms.ActiveCfg = Debug|Any CPU
		{5A556D57-0D68-433B-AD78-02849583582B}.Debug|Mixed Platforms.Build.0 = Debug|Any CPU
		{5A556D57-0D68-433B-AD78-02849583582B}.Debug|x86.ActiveCfg = Debug|Any CPU
		{5A556D57-0D68-433B-AD78-02849583582B}.Release|Any CPU.ActiveCfg = Release|Any CPU
		{5A556D57-0D68-433B-AD78-02849583582B}.Release|Any CPU.Build.0 = Release|Any CPU
		{5A556D57-0D68-433B-AD78-02849583582B}.Release|Mixed Platforms.ActiveCfg = Release|Any CPU
		{5A556D57-0D68-433B-AD78-02849583582B}.Release|Mixed Platforms.Build.0 = Release|Any CPU
		{5A556D57-0D68-433B-AD78-02849583582B}.Release|x86.ActiveCfg = Release|Any CPU
		{85E90F57-8DE1-4912-8414-28578F4D71CD}.Debug|Any CPU.ActiveCfg = Debug|Any CPU
		{85E90F57-8DE1-4912-8414-28578F4D71CD}.Debug|Any CPU.Build.0 = Debug|Any CPU
		{85E90F57-8DE1-4912-8414-28578F4D71CD}.Debug|Mixed Platforms.ActiveCfg = Debug|Any CPU
		{85E90F57-8DE1-4912-8414-28578F4D71CD}.Debug|Mixed Platforms.Build.0 = Debug|Any CPU
		{85E90F57-8DE1-4912-8414-28578F4D71CD}.Debug|x86.ActiveCfg = Debug|Any CPU
		{85E90F57-8DE1-4912-8414-28578F4D71CD}.Release|Any CPU.ActiveCfg = Release|Any CPU
		{85E90F57-8DE1-4912-8414-28578F4D71CD}.Release|Any CPU.Build.0 = Release|Any CPU
		{85E90F57-8DE1-4912-8414-28578F4D71CD}.Release|Mixed Platforms.ActiveCfg = Release|Any CPU
		{85E90F57-8DE1-4912-8414-28578F4D71CD}.Release|Mixed Platforms.Build.0 = Release|Any CPU
		{85E90F57-8DE1-4912-8414-28578F4D71CD}.Release|x86.ActiveCfg = Release|Any CPU
		{3E414663-B673-47A8-AB59-0E08FE43DA86}.Debug|Any CPU.ActiveCfg = Debug|Any CPU
		{3E414663-B673-47A8-AB59-0E08FE43DA86}.Debug|Any CPU.Build.0 = Debug|Any CPU
		{3E414663-B673-47A8-AB59-0E08FE43DA86}.Debug|Mixed Platforms.ActiveCfg = Debug|Any CPU
		{3E414663-B673-47A8-AB59-0E08FE43DA86}.Debug|Mixed Platforms.Build.0 = Debug|Any CPU
		{3E414663-B673-47A8-AB59-0E08FE43DA86}.Debug|x86.ActiveCfg = Debug|Any CPU
		{3E414663-B673-47A8-AB59-0E08FE43DA86}.Release|Any CPU.ActiveCfg = Release|Any CPU
		{3E414663-B673-47A8-AB59-0E08FE43DA86}.Release|Any CPU.Build.0 = Release|Any CPU
		{3E414663-B673-47A8-AB59-0E08FE43DA86}.Release|Mixed Platforms.ActiveCfg = Release|Any CPU
		{3E414663-B673-47A8-AB59-0E08FE43DA86}.Release|Mixed Platforms.Build.0 = Release|Any CPU
		{3E414663-B673-47A8-AB59-0E08FE43DA86}.Release|x86.ActiveCfg = Release|Any CPU
		{6CD8CC3D-643D-4D09-8660-A26085C44FBC}.Debug|Any CPU.ActiveCfg = Debug|Any CPU
		{6CD8CC3D-643D-4D09-8660-A26085C44FBC}.Debug|Any CPU.Build.0 = Debug|Any CPU
		{6CD8CC3D-643D-4D09-8660-A26085C44FBC}.Debug|Mixed Platforms.ActiveCfg = Debug|Any CPU
		{6CD8CC3D-643D-4D09-8660-A26085C44FBC}.Debug|Mixed Platforms.Build.0 = Debug|Any CPU
		{6CD8CC3D-643D-4D09-8660-A26085C44FBC}.Debug|x86.ActiveCfg = Debug|Any CPU
		{6CD8CC3D-643D-4D09-8660-A26085C44FBC}.Release|Any CPU.ActiveCfg = Release|Any CPU
		{6CD8CC3D-643D-4D09-8660-A26085C44FBC}.Release|Any CPU.Build.0 = Release|Any CPU
		{6CD8CC3D-643D-4D09-8660-A26085C44FBC}.Release|Mixed Platforms.ActiveCfg = Release|Any CPU
		{6CD8CC3D-643D-4D09-8660-A26085C44FBC}.Release|Mixed Platforms.Build.0 = Release|Any CPU
		{6CD8CC3D-643D-4D09-8660-A26085C44FBC}.Release|x86.ActiveCfg = Release|Any CPU
	EndGlobalSection
	GlobalSection(SolutionProperties) = preSolution
		HideSolutionNode = FALSE
	EndGlobalSection
	GlobalSection(NestedProjects) = preSolution
		{D527524F-EC92-465E-9CAE-86278121675A} = {2CC0A340-512C-4F0D-A5E6-87C042EE13B9}
		{D11617AB-9F88-4C74-8ABD-F8580DB4B01B} = {2CC0A340-512C-4F0D-A5E6-87C042EE13B9}
		{07997A18-86D3-47AC-A514-AB1B03E6AEC8} = {2CC0A340-512C-4F0D-A5E6-87C042EE13B9}
		{6E0C5565-F9A3-441C-9CB2-8B1878A800EF} = {C0306556-68F4-4DD5-95F2-AAFEE8FACDFA}
		{86BF4F10-3606-4016-9919-84C3335813B6} = {E6CE0ECB-3373-4DC0-98CB-F4E9DC2293C4}
		{C1F8C201-BBD9-44F4-884C-CFF8CC960B68} = {E6CE0ECB-3373-4DC0-98CB-F4E9DC2293C4}
		{B1DEA25C-7667-471B-BBAD-64D017FDD104} = {E6CE0ECB-3373-4DC0-98CB-F4E9DC2293C4}
		{3578AF4C-CBFF-4A38-88F5-E86AC990AFBD} = {E6CE0ECB-3373-4DC0-98CB-F4E9DC2293C4}
		{2B5287F2-A6AC-4D5A-B0A8-01C06144824D} = {E6CE0ECB-3373-4DC0-98CB-F4E9DC2293C4}
		{5A556D57-0D68-433B-AD78-02849583582B} = {E6CE0ECB-3373-4DC0-98CB-F4E9DC2293C4}
		{85E90F57-8DE1-4912-8414-28578F4D71CD} = {E6CE0ECB-3373-4DC0-98CB-F4E9DC2293C4}
		{3E414663-B673-47A8-AB59-0E08FE43DA86} = {E6CE0ECB-3373-4DC0-98CB-F4E9DC2293C4}
		{6CD8CC3D-643D-4D09-8660-A26085C44FBC} = {E6CE0ECB-3373-4DC0-98CB-F4E9DC2293C4}
	EndGlobalSection
EndGlobal
