
Microsoft Visual Studio Solution File, Format Version 11.00
# Visual Studio 2010
Project("{FAE04EC0-301F-11D3-BF4B-00C04F79EFBC}") = "BLToolkit.4", "Source\BLToolkit.4.csproj", "{0C325F5D-E50E-4340-8724-D29896CCC583}"
EndProject
Project("{2150E333-8FDC-42A3-9474-1A3956D46DE8}") = "UnitTests", "UnitTests", "{2CC0A340-512C-4F0D-A5E6-87C042EE13B9}"
EndProject
Project("{FAE04EC0-301F-11D3-BF4B-00C04F79EFBC}") = "UnitTests.Linq.2010.Interface", "UnitTests\Linq\UnitTests.Linq.2010.Interface.csproj", "{D527524F-EC92-465E-9CAE-86278121675A}"
EndProject
Project("{F184B08F-C81C-45F6-A57F-5ABD9991F28F}") = "UnitTests.Linq.2010.VisualBasic", "UnitTests\Linq\UnitTests.Linq.2010.VisualBasic.vbproj", "{D11617AB-9F88-4C74-8ABD-F8580DB4B01B}"
EndProject
Project("{FAE04EC0-301F-11D3-BF4B-00C04F79EFBC}") = "UnitTests.Linq.2010", "UnitTests\Linq\UnitTests.Linq.2010.csproj", "{07997A18-86D3-47AC-A514-AB1B03E6AEC8}"
EndProject
Project("{2150E333-8FDC-42A3-9474-1A3956D46DE8}") = "Tools", "Tools", "{C0306556-68F4-4DD5-95F2-AAFEE8FACDFA}"
EndProject
Project("{FAE04EC0-301F-11D3-BF4B-00C04F79EFBC}") = "Templates.2010", "Tools\Templates\Templates.2010.csproj", "{6E0C5565-F9A3-441C-9CB2-8B1878A800EF}"
EndProject
Project("{2150E333-8FDC-42A3-9474-1A3956D46DE8}") = "DataProviders", "DataProviders", "{E6CE0ECB-3373-4DC0-98CB-F4E9DC2293C4}"
EndProject
Project("{FAE04EC0-301F-11D3-BF4B-00C04F79EFBC}") = "BLToolkit.Data.DataProvider.DB2.4", "DataProviders\BLToolkit.Data.DataProvider.DB2.4.csproj", "{86BF4F10-3606-4016-9919-84C3335813B6}"
EndProject
Project("{FAE04EC0-301F-11D3-BF4B-00C04F79EFBC}") = "BLToolkit.Data.DataProvider.Firebird.4", "DataProviders\BLToolkit.Data.DataProvider.Firebird.4.csproj", "{C1F8C201-BBD9-44F4-884C-CFF8CC960B68}"
EndProject
Project("{FAE04EC0-301F-11D3-BF4B-00C04F79EFBC}") = "BLToolkit.Data.DataProvider.Informix.4", "DataProviders\BLToolkit.Data.DataProvider.Informix.4.csproj", "{B1DEA25C-7667-471B-BBAD-64D017FDD104}"
EndProject
Project("{FAE04EC0-301F-11D3-BF4B-00C04F79EFBC}") = "BLToolkit.Data.DataProvider.MySql.4", "DataProviders\BLToolkit.Data.DataProvider.MySql.4.csproj", "{3578AF4C-CBFF-4A38-88F5-E86AC990AFBD}"
EndProject
Project("{FAE04EC0-301F-11D3-BF4B-00C04F79EFBC}") = "BLToolkit.Data.DataProvider.Oracle.4", "DataProviders\BLToolkit.Data.DataProvider.Oracle.4.csproj", "{2B5287F2-A6AC-4D5A-B0A8-01C06144824D}"
EndProject
Project("{FAE04EC0-301F-11D3-BF4B-00C04F79EFBC}") = "BLToolkit.Data.DataProvider.PostgreSQL.4", "DataProviders\BLToolkit.Data.DataProvider.PostgreSQL.4.csproj", "{5A556D57-0D68-433B-AD78-02849583582B}"
EndProject
Project("{FAE04EC0-301F-11D3-BF4B-00C04F79EFBC}") = "BLToolkit.Data.DataProvider.SqlCe.4", "DataProviders\BLToolkit.Data.DataProvider.SqlCe.4.csproj", "{85E90F57-8DE1-4912-8414-28578F4D71CD}"
EndProject
Project("{FAE04EC0-301F-11D3-BF4B-00C04F79EFBC}") = "BLToolkit.Data.DataProvider.SQLite.4", "DataProviders\BLToolkit.Data.DataProvider.SQLite.4.csproj", "{3E414663-B673-47A8-AB59-0E08FE43DA86}"
EndProject
Project("{FAE04EC0-301F-11D3-BF4B-00C04F79EFBC}") = "BLToolkit.Data.DataProvider.Sybase.4", "DataProviders\BLToolkit.Data.DataProvider.Sybase.4.csproj", "{6CD8CC3D-643D-4D09-8660-A26085C44FBC}"
EndProject
Project("{FAE04EC0-301F-11D3-BF4B-00C04F79EFBC}") = "BLToolkit.SL.4", "Source\BLToolkit.SL.4.csproj", "{663D4BFC-F565-41F7-9409-510B560CCEE8}"
EndProject
Project("{2150E333-8FDC-42A3-9474-1A3956D46DE8}") = "Demo", "Demo", "{B75C60BF-F5B7-472E-A0A8-8A12DDDDAA7D}"
EndProject
Project("{2150E333-8FDC-42A3-9474-1A3956D46DE8}") = "Silverlight", "Silverlight", "{83C0070F-E639-4D65-B392-34F621165A1C}"
EndProject
Project("{FAE04EC0-301F-11D3-BF4B-00C04F79EFBC}") = "Client", "Demo\Silverlight\Client\Client.csproj", "{28693777-369C-4C0D-B076-38F7C0E5D06C}"
	ProjectSection(ProjectDependencies) = postProject
		{E796EF23-D63D-4EBD-A34D-5F243834933B} = {E796EF23-D63D-4EBD-A34D-5F243834933B}
	EndProjectSection
EndProject
Project("{FAE04EC0-301F-11D3-BF4B-00C04F79EFBC}") = "Client.Web", "Demo\Silverlight\Client.Web\Client.Web.csproj", "{E796EF23-D63D-4EBD-A34D-5F243834933B}"
EndProject
Project("{2150E333-8FDC-42A3-9474-1A3956D46DE8}") = "Partial.Trust", "Partial.Trust", "{0F3F166F-9927-4BC0-855F-ADB0D20218F1}"
EndProject
Project("{FAE04EC0-301F-11D3-BF4B-00C04F79EFBC}") = "Partial.Trust.Components", "Demo\Partial.Trust\Components\Partial.Trust.Components.csproj", "{3BCB17AC-9941-4460-858B-2B7BC3BEDDE7}"
EndProject
Project("{FAE04EC0-301F-11D3-BF4B-00C04F79EFBC}") = "Partial.Trust.Asp.Net", "Demo\Partial.Trust\Asp.Net\Partial.Trust.Asp.Net.csproj", "{16272F10-9E3D-4C24-8761-8A43E9FB525F}"
EndProject
Project("{FAE04EC0-301F-11D3-BF4B-00C04F79EFBC}") = "BLTgen.2010", "Tools\BLTgen\BLTgen.2010.csproj", "{65FC918C-FF12-4C75-96F5-180B552989E5}"
EndProject
Project("{2150E333-8FDC-42A3-9474-1A3956D46DE8}") = "WinForms", "WinForms", "{35E61C2A-2B8C-4AF4-AD21-353936581EF5}"
EndProject
Project("{FAE04EC0-301F-11D3-BF4B-00C04F79EFBC}") = "BLToolkit.Demo", "Demo\WinForms\BLToolkit.Demo.csproj", "{854749E5-9264-42FF-A576-3B5784C7C14C}"
EndProject
Project("{2150E333-8FDC-42A3-9474-1A3956D46DE8}") = "Linq", "Linq", "{9475B894-944A-47CF-855D-93A0C42136C9}"
EndProject
Project("{FAE04EC0-301F-11D3-BF4B-00C04F79EFBC}") = "Linq.Demo.2010", "Demo\Linq\Demo\Linq.Demo.2010.csproj", "{57CE5505-44CB-42E4-A346-3471F68A5B60}"
EndProject
Project("{FAE04EC0-301F-11D3-BF4B-00C04F79EFBC}") = "Linq.OverWCF", "Demo\Linq\OverWCF\Linq.OverWCF.csproj", "{7ED3B518-7CEA-4991-98BD-9752E5F32F58}"
EndProject
Project("{2150E333-8FDC-42A3-9474-1A3956D46DE8}") = "Asp.Net", "Asp.Net", "{FC77CB0E-4DBF-4CDF-A1AD-C6F830A849B0}"
	ProjectSection(SolutionItems) = preProject
		Demo\Asp.Net\ReadMe.txt = Demo\Asp.Net\ReadMe.txt
	EndProjectSection
EndProject
Project("{FAE04EC0-301F-11D3-BF4B-00C04F79EFBC}") = "PetShop.ObjectModel", "Demo\Asp.Net\ObjectModel\PetShop.ObjectModel.csproj", "{BF0811CA-4663-4778-8331-9BEEBCAAC8C8}"
EndProject
Project("{FAE04EC0-301F-11D3-BF4B-00C04F79EFBC}") = "PetShop.BusinessLogic", "Demo\Asp.Net\BusinessLogic\PetShop.BusinessLogic.csproj", "{01C318D0-1CB1-4CB4-A5ED-D311665C76EE}"
EndProject
Project("{E24C65DC-7377-472B-9ABA-BC803B73C61A}") = "Web", "Demo\Asp.Net\Web", "{7DAA2EBB-A724-498F-93BB-68966E2B738F}"
	ProjectSection(WebsiteProperties) = preProject
		SccProjectName = ""
		SccAuxPath = ""
		SccLocalPath = ""
		SccProvider = ""
		TargetFrameworkMoniker = ".NETFramework,Version%3Dv4.0"
		ProjectReferences = "{0C325F5D-E50E-4340-8724-D29896CCC583}|BLToolkit.4.dll;{01C318D0-1CB1-4CB4-A5ED-D311665C76EE}|PetShop.BusinessLogic.dll;{BF0811CA-4663-4778-8331-9BEEBCAAC8C8}|PetShop.ObjectModel.dll;"
		Debug.AspNetCompiler.VirtualPath = "/Web"
		Debug.AspNetCompiler.PhysicalPath = "Demo\Asp.Net\Web\"
		Debug.AspNetCompiler.TargetPath = "PrecompiledWeb\Web\"
		Debug.AspNetCompiler.Updateable = "true"
		Debug.AspNetCompiler.ForceOverwrite = "true"
		Debug.AspNetCompiler.FixedNames = "false"
		Debug.AspNetCompiler.Debug = "True"
		Release.AspNetCompiler.VirtualPath = "/Web"
		Release.AspNetCompiler.PhysicalPath = "Demo\Asp.Net\Web\"
		Release.AspNetCompiler.TargetPath = "PrecompiledWeb\Web\"
		Release.AspNetCompiler.Updateable = "true"
		Release.AspNetCompiler.ForceOverwrite = "true"
		Release.AspNetCompiler.FixedNames = "false"
		Release.AspNetCompiler.Debug = "False"
		VWDPort = "51456"
		VWDDynamicPort = "false"
	EndProjectSection
EndProject
Project("{2150E333-8FDC-42A3-9474-1A3956D46DE8}") = "WebServices", "WebServices", "{2F6B63C4-295A-433C-91CB-CAE4CADE6B8B}"
EndProject
Project("{FAE04EC0-301F-11D3-BF4B-00C04F79EFBC}") = "ObjectModel", "Demo\WebServices\ObjectModel\ObjectModel.csproj", "{8F9F4193-9104-4AA6-8E04-91CD9FDEC2E6}"
EndProject
Project("{FAE04EC0-301F-11D3-BF4B-00C04F79EFBC}") = "Server", "Demo\WebServices\Server\Server.csproj", "{711A3803-4395-4E92-9B26-DC8DDDF80366}"
EndProject
Project("{FAE04EC0-301F-11D3-BF4B-00C04F79EFBC}") = "Client", "Demo\WebServices\Client\Client.csproj", "{4EBBF9E9-53B2-493C-ABAB-E915C187558F}"
EndProject
Global
	GlobalSection(SolutionConfigurationPlatforms) = preSolution
		Debug|Any CPU = Debug|Any CPU
		Debug|Mixed Platforms = Debug|Mixed Platforms
		Debug|x86 = Debug|x86
		Release|Any CPU = Release|Any CPU
		Release|Mixed Platforms = Release|Mixed Platforms
		Release|x86 = Release|x86
	EndGlobalSection
	GlobalSection(ProjectConfigurationPlatforms) = postSolution
		{0C325F5D-E50E-4340-8724-D29896CCC583}.Debug|Any CPU.ActiveCfg = Debug|Any CPU
		{0C325F5D-E50E-4340-8724-D29896CCC583}.Debug|Any CPU.Build.0 = Debug|Any CPU
		{0C325F5D-E50E-4340-8724-D29896CCC583}.Debug|Mixed Platforms.ActiveCfg = Debug|Any CPU
		{0C325F5D-E50E-4340-8724-D29896CCC583}.Debug|Mixed Platforms.Build.0 = Debug|Any CPU
		{0C325F5D-E50E-4340-8724-D29896CCC583}.Debug|x86.ActiveCfg = Debug|Any CPU
		{0C325F5D-E50E-4340-8724-D29896CCC583}.Release|Any CPU.ActiveCfg = Release|Any CPU
		{0C325F5D-E50E-4340-8724-D29896CCC583}.Release|Any CPU.Build.0 = Release|Any CPU
		{0C325F5D-E50E-4340-8724-D29896CCC583}.Release|Mixed Platforms.ActiveCfg = Release|Any CPU
		{0C325F5D-E50E-4340-8724-D29896CCC583}.Release|Mixed Platforms.Build.0 = Release|Any CPU
		{0C325F5D-E50E-4340-8724-D29896CCC583}.Release|x86.ActiveCfg = Release|Any CPU
		{D527524F-EC92-465E-9CAE-86278121675A}.Debug|Any CPU.ActiveCfg = Debug|Any CPU
		{D527524F-EC92-465E-9CAE-86278121675A}.Debug|Any CPU.Build.0 = Debug|Any CPU
		{D527524F-EC92-465E-9CAE-86278121675A}.Debug|Mixed Platforms.ActiveCfg = Debug|Any CPU
		{D527524F-EC92-465E-9CAE-86278121675A}.Debug|Mixed Platforms.Build.0 = Debug|Any CPU
		{D527524F-EC92-465E-9CAE-86278121675A}.Debug|x86.ActiveCfg = Debug|Any CPU
		{D527524F-EC92-465E-9CAE-86278121675A}.Release|Any CPU.ActiveCfg = Release|Any CPU
		{D527524F-EC92-465E-9CAE-86278121675A}.Release|Any CPU.Build.0 = Release|Any CPU
		{D527524F-EC92-465E-9CAE-86278121675A}.Release|Mixed Platforms.ActiveCfg = Release|Any CPU
		{D527524F-EC92-465E-9CAE-86278121675A}.Release|Mixed Platforms.Build.0 = Release|Any CPU
		{D527524F-EC92-465E-9CAE-86278121675A}.Release|x86.ActiveCfg = Release|Any CPU
		{D11617AB-9F88-4C74-8ABD-F8580DB4B01B}.Debug|Any CPU.ActiveCfg = Debug|Any CPU
		{D11617AB-9F88-4C74-8ABD-F8580DB4B01B}.Debug|Any CPU.Build.0 = Debug|Any CPU
		{D11617AB-9F88-4C74-8ABD-F8580DB4B01B}.Debug|Mixed Platforms.ActiveCfg = Debug|Any CPU
		{D11617AB-9F88-4C74-8ABD-F8580DB4B01B}.Debug|Mixed Platforms.Build.0 = Debug|Any CPU
		{D11617AB-9F88-4C74-8ABD-F8580DB4B01B}.Debug|x86.ActiveCfg = Debug|Any CPU
		{D11617AB-9F88-4C74-8ABD-F8580DB4B01B}.Release|Any CPU.ActiveCfg = Release|Any CPU
		{D11617AB-9F88-4C74-8ABD-F8580DB4B01B}.Release|Any CPU.Build.0 = Release|Any CPU
		{D11617AB-9F88-4C74-8ABD-F8580DB4B01B}.Release|Mixed Platforms.ActiveCfg = Release|Any CPU
		{D11617AB-9F88-4C74-8ABD-F8580DB4B01B}.Release|Mixed Platforms.Build.0 = Release|Any CPU
		{D11617AB-9F88-4C74-8ABD-F8580DB4B01B}.Release|x86.ActiveCfg = Release|Any CPU
		{07997A18-86D3-47AC-A514-AB1B03E6AEC8}.Debug|Any CPU.ActiveCfg = Debug|Any CPU
		{07997A18-86D3-47AC-A514-AB1B03E6AEC8}.Debug|Any CPU.Build.0 = Debug|Any CPU
		{07997A18-86D3-47AC-A514-AB1B03E6AEC8}.Debug|Mixed Platforms.ActiveCfg = Debug|Any CPU
		{07997A18-86D3-47AC-A514-AB1B03E6AEC8}.Debug|Mixed Platforms.Build.0 = Debug|Any CPU
		{07997A18-86D3-47AC-A514-AB1B03E6AEC8}.Debug|x86.ActiveCfg = Debug|Any CPU
		{07997A18-86D3-47AC-A514-AB1B03E6AEC8}.Release|Any CPU.ActiveCfg = Release|Any CPU
		{07997A18-86D3-47AC-A514-AB1B03E6AEC8}.Release|Any CPU.Build.0 = Release|Any CPU
		{07997A18-86D3-47AC-A514-AB1B03E6AEC8}.Release|Mixed Platforms.ActiveCfg = Release|Any CPU
		{07997A18-86D3-47AC-A514-AB1B03E6AEC8}.Release|Mixed Platforms.Build.0 = Release|Any CPU
		{07997A18-86D3-47AC-A514-AB1B03E6AEC8}.Release|x86.ActiveCfg = Release|Any CPU
		{6E0C5565-F9A3-441C-9CB2-8B1878A800EF}.Debug|Any CPU.ActiveCfg = Debug|Any CPU
		{6E0C5565-F9A3-441C-9CB2-8B1878A800EF}.Debug|Any CPU.Build.0 = Debug|Any CPU
		{6E0C5565-F9A3-441C-9CB2-8B1878A800EF}.Debug|Mixed Platforms.ActiveCfg = Debug|Any CPU
		{6E0C5565-F9A3-441C-9CB2-8B1878A800EF}.Debug|Mixed Platforms.Build.0 = Debug|Any CPU
		{6E0C5565-F9A3-441C-9CB2-8B1878A800EF}.Debug|x86.ActiveCfg = Debug|Any CPU
		{6E0C5565-F9A3-441C-9CB2-8B1878A800EF}.Release|Any CPU.ActiveCfg = Release|Any CPU
		{6E0C5565-F9A3-441C-9CB2-8B1878A800EF}.Release|Any CPU.Build.0 = Release|Any CPU
		{6E0C5565-F9A3-441C-9CB2-8B1878A800EF}.Release|Mixed Platforms.ActiveCfg = Release|Any CPU
		{6E0C5565-F9A3-441C-9CB2-8B1878A800EF}.Release|Mixed Platforms.Build.0 = Release|Any CPU
		{6E0C5565-F9A3-441C-9CB2-8B1878A800EF}.Release|x86.ActiveCfg = Release|Any CPU
		{86BF4F10-3606-4016-9919-84C3335813B6}.Debug|Any CPU.ActiveCfg = Debug|Any CPU
		{86BF4F10-3606-4016-9919-84C3335813B6}.Debug|Any CPU.Build.0 = Debug|Any CPU
		{86BF4F10-3606-4016-9919-84C3335813B6}.Debug|Mixed Platforms.ActiveCfg = Debug|Any CPU
		{86BF4F10-3606-4016-9919-84C3335813B6}.Debug|Mixed Platforms.Build.0 = Debug|Any CPU
		{86BF4F10-3606-4016-9919-84C3335813B6}.Debug|x86.ActiveCfg = Debug|Any CPU
		{86BF4F10-3606-4016-9919-84C3335813B6}.Release|Any CPU.ActiveCfg = Release|Any CPU
		{86BF4F10-3606-4016-9919-84C3335813B6}.Release|Any CPU.Build.0 = Release|Any CPU
		{86BF4F10-3606-4016-9919-84C3335813B6}.Release|Mixed Platforms.ActiveCfg = Release|Any CPU
		{86BF4F10-3606-4016-9919-84C3335813B6}.Release|Mixed Platforms.Build.0 = Release|Any CPU
		{86BF4F10-3606-4016-9919-84C3335813B6}.Release|x86.ActiveCfg = Release|Any CPU
		{C1F8C201-BBD9-44F4-884C-CFF8CC960B68}.Debug|Any CPU.ActiveCfg = Debug|Any CPU
		{C1F8C201-BBD9-44F4-884C-CFF8CC960B68}.Debug|Any CPU.Build.0 = Debug|Any CPU
		{C1F8C201-BBD9-44F4-884C-CFF8CC960B68}.Debug|Mixed Platforms.ActiveCfg = Debug|Any CPU
		{C1F8C201-BBD9-44F4-884C-CFF8CC960B68}.Debug|Mixed Platforms.Build.0 = Debug|Any CPU
		{C1F8C201-BBD9-44F4-884C-CFF8CC960B68}.Debug|x86.ActiveCfg = Debug|Any CPU
		{C1F8C201-BBD9-44F4-884C-CFF8CC960B68}.Release|Any CPU.ActiveCfg = Release|Any CPU
		{C1F8C201-BBD9-44F4-884C-CFF8CC960B68}.Release|Any CPU.Build.0 = Release|Any CPU
		{C1F8C201-BBD9-44F4-884C-CFF8CC960B68}.Release|Mixed Platforms.ActiveCfg = Release|Any CPU
		{C1F8C201-BBD9-44F4-884C-CFF8CC960B68}.Release|Mixed Platforms.Build.0 = Release|Any CPU
		{C1F8C201-BBD9-44F4-884C-CFF8CC960B68}.Release|x86.ActiveCfg = Release|Any CPU
		{B1DEA25C-7667-471B-BBAD-64D017FDD104}.Debug|Any CPU.ActiveCfg = Debug|Any CPU
		{B1DEA25C-7667-471B-BBAD-64D017FDD104}.Debug|Any CPU.Build.0 = Debug|Any CPU
		{B1DEA25C-7667-471B-BBAD-64D017FDD104}.Debug|Mixed Platforms.ActiveCfg = Debug|Any CPU
		{B1DEA25C-7667-471B-BBAD-64D017FDD104}.Debug|Mixed Platforms.Build.0 = Debug|Any CPU
		{B1DEA25C-7667-471B-BBAD-64D017FDD104}.Debug|x86.ActiveCfg = Debug|Any CPU
		{B1DEA25C-7667-471B-BBAD-64D017FDD104}.Release|Any CPU.ActiveCfg = Release|Any CPU
		{B1DEA25C-7667-471B-BBAD-64D017FDD104}.Release|Any CPU.Build.0 = Release|Any CPU
		{B1DEA25C-7667-471B-BBAD-64D017FDD104}.Release|Mixed Platforms.ActiveCfg = Release|Any CPU
		{B1DEA25C-7667-471B-BBAD-64D017FDD104}.Release|Mixed Platforms.Build.0 = Release|Any CPU
		{B1DEA25C-7667-471B-BBAD-64D017FDD104}.Release|x86.ActiveCfg = Release|Any CPU
		{3578AF4C-CBFF-4A38-88F5-E86AC990AFBD}.Debug|Any CPU.ActiveCfg = Debug|Any CPU
		{3578AF4C-CBFF-4A38-88F5-E86AC990AFBD}.Debug|Any CPU.Build.0 = Debug|Any CPU
		{3578AF4C-CBFF-4A38-88F5-E86AC990AFBD}.Debug|Mixed Platforms.ActiveCfg = Debug|Any CPU
		{3578AF4C-CBFF-4A38-88F5-E86AC990AFBD}.Debug|Mixed Platforms.Build.0 = Debug|Any CPU
		{3578AF4C-CBFF-4A38-88F5-E86AC990AFBD}.Debug|x86.ActiveCfg = Debug|Any CPU
		{3578AF4C-CBFF-4A38-88F5-E86AC990AFBD}.Release|Any CPU.ActiveCfg = Release|Any CPU
		{3578AF4C-CBFF-4A38-88F5-E86AC990AFBD}.Release|Any CPU.Build.0 = Release|Any CPU
		{3578AF4C-CBFF-4A38-88F5-E86AC990AFBD}.Release|Mixed Platforms.ActiveCfg = Release|Any CPU
		{3578AF4C-CBFF-4A38-88F5-E86AC990AFBD}.Release|Mixed Platforms.Build.0 = Release|Any CPU
		{3578AF4C-CBFF-4A38-88F5-E86AC990AFBD}.Release|x86.ActiveCfg = Release|Any CPU
		{2B5287F2-A6AC-4D5A-B0A8-01C06144824D}.Debug|Any CPU.ActiveCfg = Debug|Any CPU
		{2B5287F2-A6AC-4D5A-B0A8-01C06144824D}.Debug|Any CPU.Build.0 = Debug|Any CPU
		{2B5287F2-A6AC-4D5A-B0A8-01C06144824D}.Debug|Mixed Platforms.ActiveCfg = Debug|Any CPU
		{2B5287F2-A6AC-4D5A-B0A8-01C06144824D}.Debug|Mixed Platforms.Build.0 = Debug|Any CPU
		{2B5287F2-A6AC-4D5A-B0A8-01C06144824D}.Debug|x86.ActiveCfg = Debug|Any CPU
		{2B5287F2-A6AC-4D5A-B0A8-01C06144824D}.Release|Any CPU.ActiveCfg = Release|Any CPU
		{2B5287F2-A6AC-4D5A-B0A8-01C06144824D}.Release|Any CPU.Build.0 = Release|Any CPU
		{2B5287F2-A6AC-4D5A-B0A8-01C06144824D}.Release|Mixed Platforms.ActiveCfg = Release|Any CPU
		{2B5287F2-A6AC-4D5A-B0A8-01C06144824D}.Release|Mixed Platforms.Build.0 = Release|Any CPU
		{2B5287F2-A6AC-4D5A-B0A8-01C06144824D}.Release|x86.ActiveCfg = Release|Any CPU
		{5A556D57-0D68-433B-AD78-02849583582B}.Debug|Any CPU.ActiveCfg = Debug|Any CPU
		{5A556D57-0D68-433B-AD78-02849583582B}.Debug|Any CPU.Build.0 = Debug|Any CPU
		{5A556D57-0D68-433B-AD78-02849583582B}.Debug|Mixed Platforms.ActiveCfg = Debug|Any CPU
		{5A556D57-0D68-433B-AD78-02849583582B}.Debug|Mixed Platforms.Build.0 = Debug|Any CPU
		{5A556D57-0D68-433B-AD78-02849583582B}.Debug|x86.ActiveCfg = Debug|Any CPU
		{5A556D57-0D68-433B-AD78-02849583582B}.Release|Any CPU.ActiveCfg = Release|Any CPU
		{5A556D57-0D68-433B-AD78-02849583582B}.Release|Any CPU.Build.0 = Release|Any CPU
		{5A556D57-0D68-433B-AD78-02849583582B}.Release|Mixed Platforms.ActiveCfg = Release|Any CPU
		{5A556D57-0D68-433B-AD78-02849583582B}.Release|Mixed Platforms.Build.0 = Release|Any CPU
		{5A556D57-0D68-433B-AD78-02849583582B}.Release|x86.ActiveCfg = Release|Any CPU
		{85E90F57-8DE1-4912-8414-28578F4D71CD}.Debug|Any CPU.ActiveCfg = Debug|Any CPU
		{85E90F57-8DE1-4912-8414-28578F4D71CD}.Debug|Any CPU.Build.0 = Debug|Any CPU
		{85E90F57-8DE1-4912-8414-28578F4D71CD}.Debug|Mixed Platforms.ActiveCfg = Debug|Any CPU
		{85E90F57-8DE1-4912-8414-28578F4D71CD}.Debug|Mixed Platforms.Build.0 = Debug|Any CPU
		{85E90F57-8DE1-4912-8414-28578F4D71CD}.Debug|x86.ActiveCfg = Debug|Any CPU
		{85E90F57-8DE1-4912-8414-28578F4D71CD}.Release|Any CPU.ActiveCfg = Release|Any CPU
		{85E90F57-8DE1-4912-8414-28578F4D71CD}.Release|Any CPU.Build.0 = Release|Any CPU
		{85E90F57-8DE1-4912-8414-28578F4D71CD}.Release|Mixed Platforms.ActiveCfg = Release|Any CPU
		{85E90F57-8DE1-4912-8414-28578F4D71CD}.Release|Mixed Platforms.Build.0 = Release|Any CPU
		{85E90F57-8DE1-4912-8414-28578F4D71CD}.Release|x86.ActiveCfg = Release|Any CPU
		{3E414663-B673-47A8-AB59-0E08FE43DA86}.Debug|Any CPU.ActiveCfg = Debug|Any CPU
		{3E414663-B673-47A8-AB59-0E08FE43DA86}.Debug|Any CPU.Build.0 = Debug|Any CPU
		{3E414663-B673-47A8-AB59-0E08FE43DA86}.Debug|Mixed Platforms.ActiveCfg = Debug|Any CPU
		{3E414663-B673-47A8-AB59-0E08FE43DA86}.Debug|Mixed Platforms.Build.0 = Debug|Any CPU
		{3E414663-B673-47A8-AB59-0E08FE43DA86}.Debug|x86.ActiveCfg = Debug|Any CPU
		{3E414663-B673-47A8-AB59-0E08FE43DA86}.Release|Any CPU.ActiveCfg = Release|Any CPU
		{3E414663-B673-47A8-AB59-0E08FE43DA86}.Release|Any CPU.Build.0 = Release|Any CPU
		{3E414663-B673-47A8-AB59-0E08FE43DA86}.Release|Mixed Platforms.ActiveCfg = Release|Any CPU
		{3E414663-B673-47A8-AB59-0E08FE43DA86}.Release|Mixed Platforms.Build.0 = Release|Any CPU
		{3E414663-B673-47A8-AB59-0E08FE43DA86}.Release|x86.ActiveCfg = Release|Any CPU
		{6CD8CC3D-643D-4D09-8660-A26085C44FBC}.Debug|Any CPU.ActiveCfg = Debug|Any CPU
		{6CD8CC3D-643D-4D09-8660-A26085C44FBC}.Debug|Any CPU.Build.0 = Debug|Any CPU
		{6CD8CC3D-643D-4D09-8660-A26085C44FBC}.Debug|Mixed Platforms.ActiveCfg = Debug|Any CPU
		{6CD8CC3D-643D-4D09-8660-A26085C44FBC}.Debug|Mixed Platforms.Build.0 = Debug|Any CPU
		{6CD8CC3D-643D-4D09-8660-A26085C44FBC}.Debug|x86.ActiveCfg = Debug|Any CPU
		{6CD8CC3D-643D-4D09-8660-A26085C44FBC}.Release|Any CPU.ActiveCfg = Release|Any CPU
		{6CD8CC3D-643D-4D09-8660-A26085C44FBC}.Release|Any CPU.Build.0 = Release|Any CPU
		{6CD8CC3D-643D-4D09-8660-A26085C44FBC}.Release|Mixed Platforms.ActiveCfg = Release|Any CPU
		{6CD8CC3D-643D-4D09-8660-A26085C44FBC}.Release|Mixed Platforms.Build.0 = Release|Any CPU
		{6CD8CC3D-643D-4D09-8660-A26085C44FBC}.Release|x86.ActiveCfg = Release|Any CPU
		{663D4BFC-F565-41F7-9409-510B560CCEE8}.Debug|Any CPU.ActiveCfg = Debug|Any CPU
		{663D4BFC-F565-41F7-9409-510B560CCEE8}.Debug|Any CPU.Build.0 = Debug|Any CPU
		{663D4BFC-F565-41F7-9409-510B560CCEE8}.Debug|Mixed Platforms.ActiveCfg = Debug|Any CPU
		{663D4BFC-F565-41F7-9409-510B560CCEE8}.Debug|Mixed Platforms.Build.0 = Debug|Any CPU
		{663D4BFC-F565-41F7-9409-510B560CCEE8}.Debug|x86.ActiveCfg = Debug|Any CPU
		{663D4BFC-F565-41F7-9409-510B560CCEE8}.Release|Any CPU.ActiveCfg = Release|Any CPU
		{663D4BFC-F565-41F7-9409-510B560CCEE8}.Release|Any CPU.Build.0 = Release|Any CPU
		{663D4BFC-F565-41F7-9409-510B560CCEE8}.Release|Mixed Platforms.ActiveCfg = Release|Any CPU
		{663D4BFC-F565-41F7-9409-510B560CCEE8}.Release|Mixed Platforms.Build.0 = Release|Any CPU
		{663D4BFC-F565-41F7-9409-510B560CCEE8}.Release|x86.ActiveCfg = Release|Any CPU
		{28693777-369C-4C0D-B076-38F7C0E5D06C}.Debug|Any CPU.ActiveCfg = Debug|Any CPU
		{28693777-369C-4C0D-B076-38F7C0E5D06C}.Debug|Any CPU.Build.0 = Debug|Any CPU
		{28693777-369C-4C0D-B076-38F7C0E5D06C}.Debug|Mixed Platforms.ActiveCfg = Debug|Any CPU
		{28693777-369C-4C0D-B076-38F7C0E5D06C}.Debug|Mixed Platforms.Build.0 = Debug|Any CPU
		{28693777-369C-4C0D-B076-38F7C0E5D06C}.Debug|x86.ActiveCfg = Debug|Any CPU
		{28693777-369C-4C0D-B076-38F7C0E5D06C}.Release|Any CPU.ActiveCfg = Release|Any CPU
		{28693777-369C-4C0D-B076-38F7C0E5D06C}.Release|Any CPU.Build.0 = Release|Any CPU
		{28693777-369C-4C0D-B076-38F7C0E5D06C}.Release|Mixed Platforms.ActiveCfg = Release|Any CPU
		{28693777-369C-4C0D-B076-38F7C0E5D06C}.Release|Mixed Platforms.Build.0 = Release|Any CPU
		{28693777-369C-4C0D-B076-38F7C0E5D06C}.Release|x86.ActiveCfg = Release|Any CPU
		{E796EF23-D63D-4EBD-A34D-5F243834933B}.Debug|Any CPU.ActiveCfg = Debug|Any CPU
		{E796EF23-D63D-4EBD-A34D-5F243834933B}.Debug|Any CPU.Build.0 = Debug|Any CPU
		{E796EF23-D63D-4EBD-A34D-5F243834933B}.Debug|Mixed Platforms.ActiveCfg = Debug|Any CPU
		{E796EF23-D63D-4EBD-A34D-5F243834933B}.Debug|Mixed Platforms.Build.0 = Debug|Any CPU
		{E796EF23-D63D-4EBD-A34D-5F243834933B}.Debug|x86.ActiveCfg = Debug|Any CPU
		{E796EF23-D63D-4EBD-A34D-5F243834933B}.Release|Any CPU.ActiveCfg = Release|Any CPU
		{E796EF23-D63D-4EBD-A34D-5F243834933B}.Release|Any CPU.Build.0 = Release|Any CPU
		{E796EF23-D63D-4EBD-A34D-5F243834933B}.Release|Mixed Platforms.ActiveCfg = Release|Any CPU
		{E796EF23-D63D-4EBD-A34D-5F243834933B}.Release|Mixed Platforms.Build.0 = Release|Any CPU
		{E796EF23-D63D-4EBD-A34D-5F243834933B}.Release|x86.ActiveCfg = Release|Any CPU
		{3BCB17AC-9941-4460-858B-2B7BC3BEDDE7}.Debug|Any CPU.ActiveCfg = Debug|Any CPU
		{3BCB17AC-9941-4460-858B-2B7BC3BEDDE7}.Debug|Any CPU.Build.0 = Debug|Any CPU
		{3BCB17AC-9941-4460-858B-2B7BC3BEDDE7}.Debug|Mixed Platforms.ActiveCfg = Debug|Any CPU
		{3BCB17AC-9941-4460-858B-2B7BC3BEDDE7}.Debug|Mixed Platforms.Build.0 = Debug|Any CPU
		{3BCB17AC-9941-4460-858B-2B7BC3BEDDE7}.Debug|x86.ActiveCfg = Debug|Any CPU
		{3BCB17AC-9941-4460-858B-2B7BC3BEDDE7}.Release|Any CPU.ActiveCfg = Release|Any CPU
		{3BCB17AC-9941-4460-858B-2B7BC3BEDDE7}.Release|Any CPU.Build.0 = Release|Any CPU
		{3BCB17AC-9941-4460-858B-2B7BC3BEDDE7}.Release|Mixed Platforms.ActiveCfg = Release|Any CPU
		{3BCB17AC-9941-4460-858B-2B7BC3BEDDE7}.Release|Mixed Platforms.Build.0 = Release|Any CPU
		{3BCB17AC-9941-4460-858B-2B7BC3BEDDE7}.Release|x86.ActiveCfg = Release|Any CPU
		{16272F10-9E3D-4C24-8761-8A43E9FB525F}.Debug|Any CPU.ActiveCfg = Debug|Any CPU
		{16272F10-9E3D-4C24-8761-8A43E9FB525F}.Debug|Any CPU.Build.0 = Debug|Any CPU
		{16272F10-9E3D-4C24-8761-8A43E9FB525F}.Debug|Mixed Platforms.ActiveCfg = Debug|Any CPU
		{16272F10-9E3D-4C24-8761-8A43E9FB525F}.Debug|Mixed Platforms.Build.0 = Debug|Any CPU
		{16272F10-9E3D-4C24-8761-8A43E9FB525F}.Debug|x86.ActiveCfg = Debug|Any CPU
		{16272F10-9E3D-4C24-8761-8A43E9FB525F}.Release|Any CPU.ActiveCfg = Release|Any CPU
		{16272F10-9E3D-4C24-8761-8A43E9FB525F}.Release|Any CPU.Build.0 = Release|Any CPU
		{16272F10-9E3D-4C24-8761-8A43E9FB525F}.Release|Mixed Platforms.ActiveCfg = Release|Any CPU
		{16272F10-9E3D-4C24-8761-8A43E9FB525F}.Release|Mixed Platforms.Build.0 = Release|Any CPU
		{16272F10-9E3D-4C24-8761-8A43E9FB525F}.Release|x86.ActiveCfg = Release|Any CPU
		{65FC918C-FF12-4C75-96F5-180B552989E5}.Debug|Any CPU.ActiveCfg = Debug|Any CPU
		{65FC918C-FF12-4C75-96F5-180B552989E5}.Debug|Any CPU.Build.0 = Debug|Any CPU
		{65FC918C-FF12-4C75-96F5-180B552989E5}.Debug|Mixed Platforms.ActiveCfg = Debug|Any CPU
		{65FC918C-FF12-4C75-96F5-180B552989E5}.Debug|Mixed Platforms.Build.0 = Debug|Any CPU
		{65FC918C-FF12-4C75-96F5-180B552989E5}.Debug|x86.ActiveCfg = Debug|Any CPU
		{65FC918C-FF12-4C75-96F5-180B552989E5}.Release|Any CPU.ActiveCfg = Release|Any CPU
		{65FC918C-FF12-4C75-96F5-180B552989E5}.Release|Any CPU.Build.0 = Release|Any CPU
		{65FC918C-FF12-4C75-96F5-180B552989E5}.Release|Mixed Platforms.ActiveCfg = Release|Any CPU
		{65FC918C-FF12-4C75-96F5-180B552989E5}.Release|Mixed Platforms.Build.0 = Release|Any CPU
		{65FC918C-FF12-4C75-96F5-180B552989E5}.Release|x86.ActiveCfg = Release|Any CPU
		{854749E5-9264-42FF-A576-3B5784C7C14C}.Debug|Any CPU.ActiveCfg = Debug|Any CPU
		{854749E5-9264-42FF-A576-3B5784C7C14C}.Debug|Any CPU.Build.0 = Debug|Any CPU
		{854749E5-9264-42FF-A576-3B5784C7C14C}.Debug|Mixed Platforms.ActiveCfg = Debug|Any CPU
		{854749E5-9264-42FF-A576-3B5784C7C14C}.Debug|Mixed Platforms.Build.0 = Debug|Any CPU
		{854749E5-9264-42FF-A576-3B5784C7C14C}.Debug|x86.ActiveCfg = Debug|Any CPU
		{854749E5-9264-42FF-A576-3B5784C7C14C}.Release|Any CPU.ActiveCfg = Release|Any CPU
		{854749E5-9264-42FF-A576-3B5784C7C14C}.Release|Any CPU.Build.0 = Release|Any CPU
		{854749E5-9264-42FF-A576-3B5784C7C14C}.Release|Mixed Platforms.ActiveCfg = Release|Any CPU
		{854749E5-9264-42FF-A576-3B5784C7C14C}.Release|Mixed Platforms.Build.0 = Release|Any CPU
		{854749E5-9264-42FF-A576-3B5784C7C14C}.Release|x86.ActiveCfg = Release|Any CPU
		{57CE5505-44CB-42E4-A346-3471F68A5B60}.Debug|Any CPU.ActiveCfg = Debug|Any CPU
		{57CE5505-44CB-42E4-A346-3471F68A5B60}.Debug|Any CPU.Build.0 = Debug|Any CPU
		{57CE5505-44CB-42E4-A346-3471F68A5B60}.Debug|Mixed Platforms.ActiveCfg = Debug|Any CPU
		{57CE5505-44CB-42E4-A346-3471F68A5B60}.Debug|Mixed Platforms.Build.0 = Debug|Any CPU
		{57CE5505-44CB-42E4-A346-3471F68A5B60}.Debug|x86.ActiveCfg = Debug|Any CPU
		{57CE5505-44CB-42E4-A346-3471F68A5B60}.Release|Any CPU.ActiveCfg = Release|Any CPU
		{57CE5505-44CB-42E4-A346-3471F68A5B60}.Release|Any CPU.Build.0 = Release|Any CPU
		{57CE5505-44CB-42E4-A346-3471F68A5B60}.Release|Mixed Platforms.ActiveCfg = Release|Any CPU
		{57CE5505-44CB-42E4-A346-3471F68A5B60}.Release|Mixed Platforms.Build.0 = Release|Any CPU
		{57CE5505-44CB-42E4-A346-3471F68A5B60}.Release|x86.ActiveCfg = Release|Any CPU
		{7ED3B518-7CEA-4991-98BD-9752E5F32F58}.Debug|Any CPU.ActiveCfg = Debug|Any CPU
		{7ED3B518-7CEA-4991-98BD-9752E5F32F58}.Debug|Any CPU.Build.0 = Debug|Any CPU
		{7ED3B518-7CEA-4991-98BD-9752E5F32F58}.Debug|Mixed Platforms.ActiveCfg = Debug|Any CPU
		{7ED3B518-7CEA-4991-98BD-9752E5F32F58}.Debug|Mixed Platforms.Build.0 = Debug|Any CPU
		{7ED3B518-7CEA-4991-98BD-9752E5F32F58}.Debug|x86.ActiveCfg = Debug|Any CPU
		{7ED3B518-7CEA-4991-98BD-9752E5F32F58}.Release|Any CPU.ActiveCfg = Release|Any CPU
		{7ED3B518-7CEA-4991-98BD-9752E5F32F58}.Release|Any CPU.Build.0 = Release|Any CPU
		{7ED3B518-7CEA-4991-98BD-9752E5F32F58}.Release|Mixed Platforms.ActiveCfg = Release|Any CPU
		{7ED3B518-7CEA-4991-98BD-9752E5F32F58}.Release|Mixed Platforms.Build.0 = Release|Any CPU
		{7ED3B518-7CEA-4991-98BD-9752E5F32F58}.Release|x86.ActiveCfg = Release|Any CPU
		{BF0811CA-4663-4778-8331-9BEEBCAAC8C8}.Debug|Any CPU.ActiveCfg = Debug|Any CPU
		{BF0811CA-4663-4778-8331-9BEEBCAAC8C8}.Debug|Any CPU.Build.0 = Debug|Any CPU
		{BF0811CA-4663-4778-8331-9BEEBCAAC8C8}.Debug|Mixed Platforms.ActiveCfg = Debug|Any CPU
		{BF0811CA-4663-4778-8331-9BEEBCAAC8C8}.Debug|Mixed Platforms.Build.0 = Debug|Any CPU
		{BF0811CA-4663-4778-8331-9BEEBCAAC8C8}.Debug|x86.ActiveCfg = Debug|Any CPU
		{BF0811CA-4663-4778-8331-9BEEBCAAC8C8}.Release|Any CPU.ActiveCfg = Release|Any CPU
		{BF0811CA-4663-4778-8331-9BEEBCAAC8C8}.Release|Any CPU.Build.0 = Release|Any CPU
		{BF0811CA-4663-4778-8331-9BEEBCAAC8C8}.Release|Mixed Platforms.ActiveCfg = Release|Any CPU
		{BF0811CA-4663-4778-8331-9BEEBCAAC8C8}.Release|Mixed Platforms.Build.0 = Release|Any CPU
		{BF0811CA-4663-4778-8331-9BEEBCAAC8C8}.Release|x86.ActiveCfg = Release|Any CPU
		{01C318D0-1CB1-4CB4-A5ED-D311665C76EE}.Debug|Any CPU.ActiveCfg = Debug|Any CPU
		{01C318D0-1CB1-4CB4-A5ED-D311665C76EE}.Debug|Any CPU.Build.0 = Debug|Any CPU
		{01C318D0-1CB1-4CB4-A5ED-D311665C76EE}.Debug|Mixed Platforms.ActiveCfg = Debug|Any CPU
		{01C318D0-1CB1-4CB4-A5ED-D311665C76EE}.Debug|Mixed Platforms.Build.0 = Debug|Any CPU
		{01C318D0-1CB1-4CB4-A5ED-D311665C76EE}.Debug|x86.ActiveCfg = Debug|Any CPU
		{01C318D0-1CB1-4CB4-A5ED-D311665C76EE}.Release|Any CPU.ActiveCfg = Release|Any CPU
		{01C318D0-1CB1-4CB4-A5ED-D311665C76EE}.Release|Any CPU.Build.0 = Release|Any CPU
		{01C318D0-1CB1-4CB4-A5ED-D311665C76EE}.Release|Mixed Platforms.ActiveCfg = Release|Any CPU
		{01C318D0-1CB1-4CB4-A5ED-D311665C76EE}.Release|Mixed Platforms.Build.0 = Release|Any CPU
		{01C318D0-1CB1-4CB4-A5ED-D311665C76EE}.Release|x86.ActiveCfg = Release|Any CPU
		{7DAA2EBB-A724-498F-93BB-68966E2B738F}.Debug|Any CPU.ActiveCfg = Debug|Any CPU
		{7DAA2EBB-A724-498F-93BB-68966E2B738F}.Debug|Any CPU.Build.0 = Debug|Any CPU
		{7DAA2EBB-A724-498F-93BB-68966E2B738F}.Debug|Mixed Platforms.ActiveCfg = Debug|Any CPU
		{7DAA2EBB-A724-498F-93BB-68966E2B738F}.Debug|Mixed Platforms.Build.0 = Debug|Any CPU
		{7DAA2EBB-A724-498F-93BB-68966E2B738F}.Debug|x86.ActiveCfg = Debug|Any CPU
		{7DAA2EBB-A724-498F-93BB-68966E2B738F}.Release|Any CPU.ActiveCfg = Debug|Any CPU
		{7DAA2EBB-A724-498F-93BB-68966E2B738F}.Release|Any CPU.Build.0 = Debug|Any CPU
		{7DAA2EBB-A724-498F-93BB-68966E2B738F}.Release|Mixed Platforms.ActiveCfg = Debug|Any CPU
		{7DAA2EBB-A724-498F-93BB-68966E2B738F}.Release|Mixed Platforms.Build.0 = Debug|Any CPU
		{7DAA2EBB-A724-498F-93BB-68966E2B738F}.Release|x86.ActiveCfg = Debug|Any CPU
		{8F9F4193-9104-4AA6-8E04-91CD9FDEC2E6}.Debug|Any CPU.ActiveCfg = Debug|Any CPU
		{8F9F4193-9104-4AA6-8E04-91CD9FDEC2E6}.Debug|Any CPU.Build.0 = Debug|Any CPU
		{8F9F4193-9104-4AA6-8E04-91CD9FDEC2E6}.Debug|Mixed Platforms.ActiveCfg = Debug|Any CPU
		{8F9F4193-9104-4AA6-8E04-91CD9FDEC2E6}.Debug|Mixed Platforms.Build.0 = Debug|Any CPU
		{8F9F4193-9104-4AA6-8E04-91CD9FDEC2E6}.Debug|x86.ActiveCfg = Debug|Any CPU
		{8F9F4193-9104-4AA6-8E04-91CD9FDEC2E6}.Release|Any CPU.ActiveCfg = Release|Any CPU
		{8F9F4193-9104-4AA6-8E04-91CD9FDEC2E6}.Release|Any CPU.Build.0 = Release|Any CPU
		{8F9F4193-9104-4AA6-8E04-91CD9FDEC2E6}.Release|Mixed Platforms.ActiveCfg = Release|Any CPU
		{8F9F4193-9104-4AA6-8E04-91CD9FDEC2E6}.Release|Mixed Platforms.Build.0 = Release|Any CPU
		{8F9F4193-9104-4AA6-8E04-91CD9FDEC2E6}.Release|x86.ActiveCfg = Release|Any CPU
		{711A3803-4395-4E92-9B26-DC8DDDF80366}.Debug|Any CPU.ActiveCfg = Debug|Any CPU
		{711A3803-4395-4E92-9B26-DC8DDDF80366}.Debug|Any CPU.Build.0 = Debug|Any CPU
		{711A3803-4395-4E92-9B26-DC8DDDF80366}.Debug|Mixed Platforms.ActiveCfg = Debug|Any CPU
		{711A3803-4395-4E92-9B26-DC8DDDF80366}.Debug|Mixed Platforms.Build.0 = Debug|Any CPU
		{711A3803-4395-4E92-9B26-DC8DDDF80366}.Debug|x86.ActiveCfg = Debug|Any CPU
		{711A3803-4395-4E92-9B26-DC8DDDF80366}.Release|Any CPU.ActiveCfg = Release|Any CPU
		{711A3803-4395-4E92-9B26-DC8DDDF80366}.Release|Any CPU.Build.0 = Release|Any CPU
		{711A3803-4395-4E92-9B26-DC8DDDF80366}.Release|Mixed Platforms.ActiveCfg = Release|Any CPU
		{711A3803-4395-4E92-9B26-DC8DDDF80366}.Release|Mixed Platforms.Build.0 = Release|Any CPU
		{711A3803-4395-4E92-9B26-DC8DDDF80366}.Release|x86.ActiveCfg = Release|Any CPU
		{4EBBF9E9-53B2-493C-ABAB-E915C187558F}.Debug|Any CPU.ActiveCfg = Debug|Any CPU
		{4EBBF9E9-53B2-493C-ABAB-E915C187558F}.Debug|Any CPU.Build.0 = Debug|Any CPU
		{4EBBF9E9-53B2-493C-ABAB-E915C187558F}.Debug|Mixed Platforms.ActiveCfg = Debug|Any CPU
		{4EBBF9E9-53B2-493C-ABAB-E915C187558F}.Debug|Mixed Platforms.Build.0 = Debug|Any CPU
		{4EBBF9E9-53B2-493C-ABAB-E915C187558F}.Debug|x86.ActiveCfg = Debug|Any CPU
		{4EBBF9E9-53B2-493C-ABAB-E915C187558F}.Release|Any CPU.ActiveCfg = Release|Any CPU
		{4EBBF9E9-53B2-493C-ABAB-E915C187558F}.Release|Any CPU.Build.0 = Release|Any CPU
		{4EBBF9E9-53B2-493C-ABAB-E915C187558F}.Release|Mixed Platforms.ActiveCfg = Release|Any CPU
		{4EBBF9E9-53B2-493C-ABAB-E915C187558F}.Release|Mixed Platforms.Build.0 = Release|Any CPU
		{4EBBF9E9-53B2-493C-ABAB-E915C187558F}.Release|x86.ActiveCfg = Release|Any CPU
	EndGlobalSection
	GlobalSection(SolutionProperties) = preSolution
		HideSolutionNode = FALSE
	EndGlobalSection
	GlobalSection(NestedProjects) = preSolution
		{D527524F-EC92-465E-9CAE-86278121675A} = {2CC0A340-512C-4F0D-A5E6-87C042EE13B9}
		{D11617AB-9F88-4C74-8ABD-F8580DB4B01B} = {2CC0A340-512C-4F0D-A5E6-87C042EE13B9}
		{07997A18-86D3-47AC-A514-AB1B03E6AEC8} = {2CC0A340-512C-4F0D-A5E6-87C042EE13B9}
		{6E0C5565-F9A3-441C-9CB2-8B1878A800EF} = {C0306556-68F4-4DD5-95F2-AAFEE8FACDFA}
		{65FC918C-FF12-4C75-96F5-180B552989E5} = {C0306556-68F4-4DD5-95F2-AAFEE8FACDFA}
		{86BF4F10-3606-4016-9919-84C3335813B6} = {E6CE0ECB-3373-4DC0-98CB-F4E9DC2293C4}
		{C1F8C201-BBD9-44F4-884C-CFF8CC960B68} = {E6CE0ECB-3373-4DC0-98CB-F4E9DC2293C4}
		{B1DEA25C-7667-471B-BBAD-64D017FDD104} = {E6CE0ECB-3373-4DC0-98CB-F4E9DC2293C4}
		{3578AF4C-CBFF-4A38-88F5-E86AC990AFBD} = {E6CE0ECB-3373-4DC0-98CB-F4E9DC2293C4}
		{2B5287F2-A6AC-4D5A-B0A8-01C06144824D} = {E6CE0ECB-3373-4DC0-98CB-F4E9DC2293C4}
		{5A556D57-0D68-433B-AD78-02849583582B} = {E6CE0ECB-3373-4DC0-98CB-F4E9DC2293C4}
		{85E90F57-8DE1-4912-8414-28578F4D71CD} = {E6CE0ECB-3373-4DC0-98CB-F4E9DC2293C4}
		{3E414663-B673-47A8-AB59-0E08FE43DA86} = {E6CE0ECB-3373-4DC0-98CB-F4E9DC2293C4}
		{6CD8CC3D-643D-4D09-8660-A26085C44FBC} = {E6CE0ECB-3373-4DC0-98CB-F4E9DC2293C4}
		{83C0070F-E639-4D65-B392-34F621165A1C} = {B75C60BF-F5B7-472E-A0A8-8A12DDDDAA7D}
		{0F3F166F-9927-4BC0-855F-ADB0D20218F1} = {B75C60BF-F5B7-472E-A0A8-8A12DDDDAA7D}
		{35E61C2A-2B8C-4AF4-AD21-353936581EF5} = {B75C60BF-F5B7-472E-A0A8-8A12DDDDAA7D}
		{9475B894-944A-47CF-855D-93A0C42136C9} = {B75C60BF-F5B7-472E-A0A8-8A12DDDDAA7D}
		{FC77CB0E-4DBF-4CDF-A1AD-C6F830A849B0} = {B75C60BF-F5B7-472E-A0A8-8A12DDDDAA7D}
		{2F6B63C4-295A-433C-91CB-CAE4CADE6B8B} = {B75C60BF-F5B7-472E-A0A8-8A12DDDDAA7D}
		{28693777-369C-4C0D-B076-38F7C0E5D06C} = {83C0070F-E639-4D65-B392-34F621165A1C}
		{E796EF23-D63D-4EBD-A34D-5F243834933B} = {83C0070F-E639-4D65-B392-34F621165A1C}
		{3BCB17AC-9941-4460-858B-2B7BC3BEDDE7} = {0F3F166F-9927-4BC0-855F-ADB0D20218F1}
		{16272F10-9E3D-4C24-8761-8A43E9FB525F} = {0F3F166F-9927-4BC0-855F-ADB0D20218F1}
		{854749E5-9264-42FF-A576-3B5784C7C14C} = {35E61C2A-2B8C-4AF4-AD21-353936581EF5}
		{57CE5505-44CB-42E4-A346-3471F68A5B60} = {9475B894-944A-47CF-855D-93A0C42136C9}
		{7ED3B518-7CEA-4991-98BD-9752E5F32F58} = {9475B894-944A-47CF-855D-93A0C42136C9}
		{BF0811CA-4663-4778-8331-9BEEBCAAC8C8} = {FC77CB0E-4DBF-4CDF-A1AD-C6F830A849B0}
		{01C318D0-1CB1-4CB4-A5ED-D311665C76EE} = {FC77CB0E-4DBF-4CDF-A1AD-C6F830A849B0}
		{7DAA2EBB-A724-498F-93BB-68966E2B738F} = {FC77CB0E-4DBF-4CDF-A1AD-C6F830A849B0}
		{8F9F4193-9104-4AA6-8E04-91CD9FDEC2E6} = {2F6B63C4-295A-433C-91CB-CAE4CADE6B8B}
		{711A3803-4395-4E92-9B26-DC8DDDF80366} = {2F6B63C4-295A-433C-91CB-CAE4CADE6B8B}
		{4EBBF9E9-53B2-493C-ABAB-E915C187558F} = {2F6B63C4-295A-433C-91CB-CAE4CADE6B8B}
	EndGlobalSection
EndGlobal
