Microsoft Visual Studio Solution File, Format Version 8.00
Project("{FAE04EC0-301F-11D3-BF4B-00C04F79EFBC}") = "Types", "Types\Types.csproj", "{5AE18977-9F9F-460E-86F5-E42668CDFE9E}"
	ProjectSection(ProjectDependencies) = postProject
	EndProjectSection
EndProject
Project("{FAE04EC0-301F-11D3-BF4B-00C04F79EFBC}") = "Tests", "Tests\Tests.csproj", "{8DB091D8-6E01-4566-8CD2-B918CB8D1391}"
	ProjectSection(ProjectDependencies) = postProject
	EndProjectSection
EndProject
Global
	GlobalSection(SolutionConfiguration) = preSolution
		Debug = Debug
		Release = Release
	EndGlobalSection
	GlobalSection(ProjectConfiguration) = postSolution
		{5AE18977-9F9F-460E-86F5-E42668CDFE9E}.Debug.ActiveCfg = Debug|.NET
		{5AE18977-9F9F-460E-86F5-E42668CDFE9E}.Debug.Build.0 = Debug|.NET
		{5AE18977-9F9F-460E-86F5-E42668CDFE9E}.Release.ActiveCfg = Release|.NET
		{5AE18977-9F9F-460E-86F5-E42668CDFE9E}.Release.Build.0 = Release|.NET
		{8DB091D8-6E01-4566-8CD2-B918CB8D1391}.Debug.ActiveCfg = Debug|.NET
		{8DB091D8-6E01-4566-8CD2-B918CB8D1391}.Debug.Build.0 = Debug|.NET
		{8DB091D8-6E01-4566-8CD2-B918CB8D1391}.Release.ActiveCfg = Release|.NET
		{8DB091D8-6E01-4566-8CD2-B918CB8D1391}.Release.Build.0 = Release|.NET
	EndGlobalSection
	GlobalSection(ExtensibilityGlobals) = postSolution
	EndGlobalSection
	GlobalSection(ExtensibilityAddIns) = postSolution
	EndGlobalSection
EndGlobal
