Microsoft Visual Studio Solution File, Format Version 8.00
Project("{FAE04EC0-301F-11D3-BF4B-00C04F79EFBC}") = "samples", "samples.csproj", "{F2CFA83D-85CE-4EF1-AE02-05479BB2FEA1}"
	ProjectSection(ProjectDependencies) = postProject
	EndProjectSection
EndProject
Global
	GlobalSection(SolutionConfiguration) = preSolution
		Debug = Debug
		Release = Release
	EndGlobalSection
	GlobalSection(ProjectConfiguration) = postSolution
		{F2CFA83D-85CE-4EF1-AE02-05479BB2FEA1}.Debug.ActiveCfg = Debug|.NET
		{F2CFA83D-85CE-4EF1-AE02-05479BB2FEA1}.Debug.Build.0 = Debug|.NET
		{F2CFA83D-85CE-4EF1-AE02-05479BB2FEA1}.Release.ActiveCfg = Release|.NET
		{F2CFA83D-85CE-4EF1-AE02-05479BB2FEA1}.Release.Build.0 = Release|.NET
	EndGlobalSection
	GlobalSection(ExtensibilityGlobals) = postSolution
	EndGlobalSection
	GlobalSection(ExtensibilityAddIns) = postSolution
	EndGlobalSection
EndGlobal
